Microsoft Visual Studio Solution File, Format Version 12.00
# Visual Studio Version 16
VisualStudioVersion = 16.0.28803.202
MinimumVisualStudioVersion = 10.0.40219.1
Project("{2150E333-8FDC-42A3-9474-1A3956D46DE8}") = "Solution Items", "Solution Items", "{54C687C4-A40F-4654-8DA3-66D2D382DDC8}"
	ProjectSection(SolutionItems) = preProject
		.clang-format = .clang-format
		code-snippets.txt = code-snippets.txt
		configure.ac = configure.ac
		documentation\docMixConfig.template = documentation\docMixConfig.template
		documentation\docPayment.template = documentation\docPayment.template
		documentation\docPaymentSetup.template = documentation\docPaymentSetup.template
		documentation\docPool.template = documentation\docPool.template
		documentation\docSymmetricKeyExchange.template = documentation\docSymmetricKeyExchange.template
		documentation\XML\FirstMixToInfoService.xml = documentation\XML\FirstMixToInfoService.xml
		documentation\XML\FirstMixToJAP.xml = documentation\XML\FirstMixToJAP.xml
		documentation\XML\InterMix-KeyExchange-Answer.xml = documentation\XML\InterMix-KeyExchange-Answer.xml
		documentation\XML\InterMix-LastMix-to-Successor.xml = documentation\XML\InterMix-LastMix-to-Successor.xml
		Makefile.am = Makefile.am
		Makefile.old = Makefile.old
		documentation\XML\MixCascadeStatus.xml = documentation\XML\MixCascadeStatus.xml
		documentation\XML\MixHELO.xml = documentation\XML\MixHELO.xml
		proxytest_win_short.doxy = proxytest_win_short.doxy
		documentation\XML\xmldoc.template = documentation\XML\xmldoc.template
		documentation\XML\XMLSignature.xml = documentation\XML\XMLSignature.xml
	EndProjectSection
EndProject
Project("{8BC9CEB8-8B4A-11D0-8D11-00A0C91BC942}") = "proxytest-lib", "proxytest-lib_VC2019.vcxproj", "{150377B0-CA8F-4031-A0B8-45A3001F4F81}"
EndProject
Project("{8BC9CEB8-8B4A-11D0-8D11-00A0C91BC942}") = "proxytest", "proxytest_VC2019.vcxproj", "{83CD4B6C-FBFD-422A-91ED-FA6E515464F2}"
	ProjectSection(ProjectDependencies) = postProject
		{150377B0-CA8F-4031-A0B8-45A3001F4F81} = {150377B0-CA8F-4031-A0B8-45A3001F4F81}
	EndProjectSection
EndProject
Project("{8BC9CEB8-8B4A-11D0-8D11-00A0C91BC942}") = "FlashMix-lib", "FlashMix\FlashMix-lib_VC2019.vcxproj", "{6408FBC7-C4FB-45FB-8276-25093DD9BD0E}"
EndProject
Project("{8BC9CEB8-8B4A-11D0-8D11-00A0C91BC942}") = "FlashMix", "FlashMix\FlashMix_VC2019.vcxproj", "{17916053-4B43-46CF-ABB3-709AE4E3DA78}"
EndProject
Project("{8BC9CEB8-8B4A-11D0-8D11-00A0C91BC942}") = "FlashMixUser", "FlashMix\FlashMixUser_VC2019.vcxproj", "{C639FF43-A8F6-4957-8BB3-AA5692E8AC9F}"
EndProject
Project("{8BC9CEB8-8B4A-11D0-8D11-00A0C91BC942}") = "BulletinBoard", "FlashMix\BulletinBoard_VC2019.vcxproj", "{9DB252A3-2EE3-440F-AC14-E961994FCE7A}"
EndProject
Project("{8BC9CEB8-8B4A-11D0-8D11-00A0C91BC942}") = "WireSharkANONPlugin", "wireshark\WireSharkANONPlugin_VC2019.vcxproj", "{AAEF6135-AF46-4182-81AC-B9BC6A94DF11}"
	ProjectSection(ProjectDependencies) = postProject
		{150377B0-CA8F-4031-A0B8-45A3001F4F81} = {150377B0-CA8F-4031-A0B8-45A3001F4F81}
	EndProjectSection
EndProject
Project("{2150E333-8FDC-42A3-9474-1A3956D46DE8}") = "xml", "xml", "{065C3B05-C626-4FF4-BEED-A88F2A4A184D}"
	ProjectSection(SolutionItems) = preProject
		xml\Makefile.am = xml\Makefile.am
	EndProjectSection
EndProject
Project("{8BC9CEB8-8B4A-11D0-8D11-00A0C91BC942}") = "AllTests", "test\AllTests_VC2019.vcxproj", "{6A4CE475-E3C6-4862-9656-E1E0E531C119}"
EndProject
Project("{2150E333-8FDC-42A3-9474-1A3956D46DE8}") = "tre", "tre", "{BB86079F-23BC-49E3-8254-61B410EE7D6C}"
	ProjectSection(SolutionItems) = preProject
		tre\Makefile.am = tre\Makefile.am
	EndProjectSection
EndProject
Project("{2150E333-8FDC-42A3-9474-1A3956D46DE8}") = "test", "test", "{AA3F9615-7F75-4888-A964-CA4128B780A7}"
	ProjectSection(SolutionItems) = preProject
		test\Makefile.am = test\Makefile.am
	EndProjectSection
EndProject
Project("{2150E333-8FDC-42A3-9474-1A3956D46DE8}") = "certs", "certs", "{4904E599-6E47-4A22-A301-234BECFEBB83}"
	ProjectSection(SolutionItems) = preProject
		test\certs\anon-test.cer = test\certs\anon-test.cer
		test\certs\anon.cer = test\certs\anon.cer
		test\certs\anondevmixopertor.b64.cer = test\certs\anondevmixopertor.b64.cer
		test\certs\anondevtestmix1.b64.cer = test\certs\anondevtestmix1.b64.cer
		test\certs\anondevtestmix3.b64.cer = test\certs\anondevtestmix3.b64.cer
		test\certs\b-uld-V2.b64.cer = test\certs\b-uld-V2.b64.cer
		test\certs\b-uld.b64.cer = test\certs\b-uld.b64.cer
		test\certs\bi.cer = test\certs\bi.cer
		test\certs\cccmix.b64.cer = test\certs\cccmix.b64.cer
		test\certs\cccmix.b64.cer1.cer = test\certs\cccmix.b64.cer1.cer
		test\certs\cccmix.b64.signed.cer = test\certs\cccmix.b64.signed.cer
		test\certs\cert1.cer = test\certs\cert1.cer
		test\certs\cert2.cer = test\certs\cert2.cer
		test\certs\cert3.cer = test\certs\cert3.cer
		test\certs\convert.sh = test\certs\convert.sh
		test\certs\dd-uld.b64.cer = test\certs\dd-uld.b64.cer
		test\certs\dd_he_payment_first_new.b64.cer = test\certs\dd_he_payment_first_new.b64.cer
		test\certs\dotplex_mix.cer = test\certs\dotplex_mix.cer
		test\certs\dotplex_operator.cer = test\certs\dotplex_operator.cer
		test\certs\dr_he-uld.b64_signed.cer = test\certs\dr_he-uld.b64_signed.cer
		test\certs\DresdenHE_ULD11_last_V2.b64.cer = test\certs\DresdenHE_ULD11_last_V2.b64.cer
		test\certs\DresenHE_SpeedPartner_CCC_first.b64.cer = test\certs\DresenHE_SpeedPartner_CCC_first.b64.cer
		test\certs\DresenHE_ULD11_last.b64.cer = test\certs\DresenHE_ULD11_last.b64.cer
		test\certs\dynFirstMix.b64.cer = test\certs\dynFirstMix.b64.cer
		test\certs\dynLastMix.b64.cer = test\certs\dynLastMix.b64.cer
		test\certs\dynMiddleMix1.b64.cer = test\certs\dynMiddleMix1.b64.cer
		test\certs\dynMiddleMix2.b64.cer = test\certs\dynMiddleMix2.b64.cer
		test\certs\firstMix-ULD-DD.b64.cer = test\certs\firstMix-ULD-DD.b64.cer
		test\certs\FirstMixPaymentTest.b64.cer = test\certs\FirstMixPaymentTest.b64.cer
		test\certs\Forseti_public_sig_X509.b64.cer = test\certs\Forseti_public_sig_X509.b64.cer
		test\certs\henry-uld-first.b64.cer = test\certs\henry-uld-first.b64.cer
		test\certs\henry-uld-last.b64.cer = test\certs\henry-uld-last.b64.cer
		test\certs\heoperatorcert.b64.cer = test\certs\heoperatorcert.b64.cer
		test\certs\hu-iwi.cer = test\certs\hu-iwi.cer
		test\certs\infoservice_hosteurope.cer = test\certs\infoservice_hosteurope.cer
		test\certs\infoservice_regensburg.cer = test\certs\infoservice_regensburg.cer
		test\certs\jap-team-operator-cert.b64.cer = test\certs\jap-team-operator-cert.b64.cer
		test\certs\japinfoservice.cer = test\certs\japinfoservice.cer
		test\certs\japinfoserviceroot.cer = test\certs\japinfoserviceroot.cer
		test\certs\japmixroot.cer = test\certs\japmixroot.cer
		test\certs\japupdatemessages.cer = test\certs\japupdatemessages.cer
		test\certs\JonDos_Operator_CA_V2.cer = test\certs\JonDos_Operator_CA_V2.cer
		test\certs\key.asc.cer = test\certs\key.asc.cer
		test\certs\lastMix-ULD-DD.b64.cer = test\certs\lastMix-ULD-DD.b64.cer
		test\certs\LastMixPaymentTest.b64.cer = test\certs\LastMixPaymentTest.b64.cer
		test\certs\LuebeckMix_Of_NY_HL_ULD.cer = test\certs\LuebeckMix_Of_NY_HL_ULD.cer
		test\certs\mix1-nt-new.cer = test\certs\mix1-nt-new.cer
		test\certs\mix1_he-zeitwort.cer = test\certs\mix1_he-zeitwort.cer
		test\certs\mix1_he-zeitwort_operator.cer = test\certs\mix1_he-zeitwort_operator.cer
		test\certs\mix1_he_dd_uld.cer = test\certs\mix1_he_dd_uld.cer
		test\certs\mix1_he_payment.cer = test\certs\mix1_he_payment.cer
		test\certs\mix1_nt.b64.cer = test\certs\mix1_nt.b64.cer
		test\certs\mix1blu.cer = test\certs\mix1blu.cer
		test\certs\mix1dd-uld.b64.cer = test\certs\mix1dd-uld.b64.cer
		test\certs\mix1dd.cer = test\certs\mix1dd.cer
		test\certs\mix1ddnew.b64.cer = test\certs\mix1ddnew.b64.cer
		test\certs\mix1luebeck.cer = test\certs\mix1luebeck.cer
		test\certs\mix1ny-hl-uld.b64.cer = test\certs\mix1ny-hl-uld.b64.cer
		test\certs\mix1payment.cer = test\certs\mix1payment.cer
		test\certs\mix1praktikum.cer = test\certs\mix1praktikum.cer
		test\certs\mix1test.b64.cer = test\certs\mix1test.b64.cer
		test\certs\mix3-nt-dotplex.cer = test\certs\mix3-nt-dotplex.cer
		test\certs\mix3-nt-new.cer = test\certs\mix3-nt-new.cer
		test\certs\mix3_he_payment.cer = test\certs\mix3_he_payment.cer
		test\certs\mix3_nt.b64.cer = test\certs\mix3_nt.b64.cer
		test\certs\mix3_ny-berlin-dd.cer = test\certs\mix3_ny-berlin-dd.cer
		test\certs\mix3blu.cer = test\certs\mix3blu.cer
		test\certs\mix3dd.cer = test\certs\mix3dd.cer
		test\certs\mix3payment.cer = test\certs\mix3payment.cer
		test\certs\mix3praktikum.cer = test\certs\mix3praktikum.cer
		test\certs\mix_141.76.1.120%3A11002.cer = test\certs\mix_141.76.1.120%3A11002.cer
		test\certs\mix_141.76.1.120%3A16544.cer = test\certs\mix_141.76.1.120%3A16544.cer
		test\certs\mix_141.76.1.120%3A6544.cer = test\certs\mix_141.76.1.120%3A6544.cer
		test\certs\mix_141.76.1.120%3A6545.cer = test\certs\mix_141.76.1.120%3A6545.cer
		test\certs\mix_141.83.100.55%3A6544.cer = test\certs\mix_141.83.100.55%3A6544.cer
		test\certs\mix_141.83.100.55%3A9544.cer = test\certs\mix_141.83.100.55%3A9544.cer
		test\certs\mixBerlin.cer = test\certs\mixBerlin.cer
		test\certs\newanonoperator.b64.cer = test\certs\newanonoperator.b64.cer
		test\certs\ny-uld.b64.cer = test\certs\ny-uld.b64.cer
		test\certs\nyumix_certificate.b64.cer = test\certs\nyumix_certificate.b64.cer
		test\certs\Operator_CA.cer = test\certs\Operator_CA.cer
		test\certs\operator_sig_public_X509.b64.cer = test\certs\operator_sig_public_X509.b64.cer
		test\certs\regensburg.b64.cer = test\certs\regensburg.b64.cer
		test\certs\regensburgbi.cer = test\certs\regensburgbi.cer
		test\certs\RegensburgHostEurope.b64.cer = test\certs\RegensburgHostEurope.b64.cer
		test\certs\RegensburgHostEurope.signed.cer = test\certs\RegensburgHostEurope.signed.cer
		test\certs\speedp-mix-pub.b64.cer = test\certs\speedp-mix-pub.b64.cer
		test\certs\speedp-op.b64.cer = test\certs\speedp-op.b64.cer
		test\certs\SpeedPartner_Mix_Nelke.cer = test\certs\SpeedPartner_Mix_Nelke.cer
		test\certs\SpeedPartner_OP.cer = test\certs\SpeedPartner_OP.cer
		test\certs\speedy_public.b64.cer = test\certs\speedy_public.b64.cer
		test\certs\spline2.cer = test\certs\spline2.cer
		test\certs\splinemix1.cer = test\certs\splinemix1.cer
		test\certs\t.b64.cer = test\certs\t.b64.cer
		test\certs\t1.b64.cer = test\certs\t1.b64.cer
		test\certs\test.b64.cer = test\certs\test.b64.cer
		test\certs\testmix3_prev.b64.cer = test\certs\testmix3_prev.b64.cer
		test\certs\udis_mix.cer = test\certs\udis_mix.cer
		test\certs\uld-uld-first.b64.cer = test\certs\uld-uld-first.b64.cer
		test\certs\uld-uld-last.b64.cer = test\certs\uld-uld-last.b64.cer
		test\certs\yatrade_public.b64.cer = test\certs\yatrade_public.b64.cer
		test\certs\zeitwort_op.cer = test\certs\zeitwort_op.cer
		test\certs\zertifikat-uld(NY-HL-ULD).cer = test\certs\zertifikat-uld(NY-HL-ULD).cer
		test\certs\zertifikat-uld.cer = test\certs\zertifikat-uld.cer
	EndProjectSection
EndProject
Project("{8BC9CEB8-8B4A-11D0-8D11-00A0C91BC942}") = "SquidLogHelper", "SquidLogHelper\SquidLogHelper_VC2019.vcxproj", "{7EDF6C1A-905B-40F6-A651-82AD2C50A725}"
EndProject
Project("{2150E333-8FDC-42A3-9474-1A3956D46DE8}") = "SGX", "SGX", "{2FA432F4-B312-42BB-8154-D5460F7DA5AD}"
	ProjectSection(SolutionItems) = preProject
		SGX\Makefile.am = SGX\Makefile.am
	EndProjectSection
EndProject
Project("{2150E333-8FDC-42A3-9474-1A3956D46DE8}") = "SquidLogHelper", "SquidLogHelper", "{DF495918-178A-49F4-BCE7-AB723E0FFEB1}"
	ProjectSection(SolutionItems) = preProject
		SquidLogHelper\Makefile.am = SquidLogHelper\Makefile.am
	EndProjectSection
EndProject
Project("{8BC9CEB8-8B4A-11D0-8D11-00A0C91BC942}") = "AclLogHelper", "AclLogHelper\AclLogHelper_VC2019.vcxproj", "{9439F121-D979-46D5-A15D-D288E0620FD7}"
EndProject
Global
	GlobalSection(SubversionScc) = preSolution
		Svn-Managed = True
		Manager = AnkhSVN - Subversion Support for Visual Studio
	EndGlobalSection
	GlobalSection(SolutionConfigurationPlatforms) = preSolution
		Debug with LLVM|Any CPU = Debug with LLVM|Any CPU
		Debug with LLVM|Mixed Platforms = Debug with LLVM|Mixed Platforms
		Debug with LLVM|Win32 = Debug with LLVM|Win32
		Debug with LLVM|x64 = Debug with LLVM|x64
		Debug_with_unit_tests|Any CPU = Debug_with_unit_tests|Any CPU
		Debug_with_unit_tests|Mixed Platforms = Debug_with_unit_tests|Mixed Platforms
		Debug_with_unit_tests|Win32 = Debug_with_unit_tests|Win32
		Debug_with_unit_tests|x64 = Debug_with_unit_tests|x64
		Debug|Any CPU = Debug|Any CPU
		Debug|Mixed Platforms = Debug|Mixed Platforms
		Debug|Win32 = Debug|Win32
		Debug|x64 = Debug|x64
		Debug-IntelCrypto|Any CPU = Debug-IntelCrypto|Any CPU
		Debug-IntelCrypto|Mixed Platforms = Debug-IntelCrypto|Mixed Platforms
		Debug-IntelCrypto|Win32 = Debug-IntelCrypto|Win32
		Debug-IntelCrypto|x64 = Debug-IntelCrypto|x64
		Debug-with-googleperftools|Any CPU = Debug-with-googleperftools|Any CPU
		Debug-with-googleperftools|Mixed Platforms = Debug-with-googleperftools|Mixed Platforms
		Debug-with-googleperftools|Win32 = Debug-with-googleperftools|Win32
		Debug-with-googleperftools|x64 = Debug-with-googleperftools|x64
		Debug-with-Mini-XML|Any CPU = Debug-with-Mini-XML|Any CPU
		Debug-with-Mini-XML|Mixed Platforms = Debug-with-Mini-XML|Mixed Platforms
		Debug-with-Mini-XML|Win32 = Debug-with-Mini-XML|Win32
		Debug-with-Mini-XML|x64 = Debug-with-Mini-XML|x64
		Debug-with-payment|Any CPU = Debug-with-payment|Any CPU
		Debug-with-payment|Mixed Platforms = Debug-with-payment|Mixed Platforms
		Debug-with-payment|Win32 = Debug-with-payment|Win32
		Debug-with-payment|x64 = Debug-with-payment|x64
		Mit Xerces 2.0.0|Any CPU = Mit Xerces 2.0.0|Any CPU
		Mit Xerces 2.0.0|Mixed Platforms = Mit Xerces 2.0.0|Mixed Platforms
		Mit Xerces 2.0.0|Win32 = Mit Xerces 2.0.0|Win32
		Mit Xerces 2.0.0|x64 = Mit Xerces 2.0.0|x64
		Mit Xerces 2.3 dev|Any CPU = Mit Xerces 2.3 dev|Any CPU
		Mit Xerces 2.3 dev|Mixed Platforms = Mit Xerces 2.3 dev|Mixed Platforms
		Mit Xerces 2.3 dev|Win32 = Mit Xerces 2.3 dev|Win32
		Mit Xerces 2.3 dev|x64 = Mit Xerces 2.3 dev|x64
		proxytest-only-local-debug|Any CPU = proxytest-only-local-debug|Any CPU
		proxytest-only-local-debug|Mixed Platforms = proxytest-only-local-debug|Mixed Platforms
		proxytest-only-local-debug|Win32 = proxytest-only-local-debug|Win32
		proxytest-only-local-debug|x64 = proxytest-only-local-debug|x64
		Release|Any CPU = Release|Any CPU
		Release|Mixed Platforms = Release|Mixed Platforms
		Release|Win32 = Release|Win32
		Release|x64 = Release|x64
		Release-IntelCrypto|Any CPU = Release-IntelCrypto|Any CPU
		Release-IntelCrypto|Mixed Platforms = Release-IntelCrypto|Mixed Platforms
		Release-IntelCrypto|Win32 = Release-IntelCrypto|Win32
		Release-IntelCrypto|x64 = Release-IntelCrypto|x64
		VTune|Any CPU = VTune|Any CPU
		VTune|Mixed Platforms = VTune|Mixed Platforms
		VTune|Win32 = VTune|Win32
		VTune|x64 = VTune|x64
	EndGlobalSection
	GlobalSection(ProjectConfigurationPlatforms) = postSolution
		{150377B0-CA8F-4031-A0B8-45A3001F4F81}.Debug with LLVM|Any CPU.ActiveCfg = Debug with LLVM|Win32
		{150377B0-CA8F-4031-A0B8-45A3001F4F81}.Debug with LLVM|Mixed Platforms.ActiveCfg = Debug with LLVM|Win32
		{150377B0-CA8F-4031-A0B8-45A3001F4F81}.Debug with LLVM|Mixed Platforms.Build.0 = Debug with LLVM|Win32
		{150377B0-CA8F-4031-A0B8-45A3001F4F81}.Debug with LLVM|Win32.ActiveCfg = Debug with LLVM|Win32
		{150377B0-CA8F-4031-A0B8-45A3001F4F81}.Debug with LLVM|Win32.Build.0 = Debug with LLVM|Win32
		{150377B0-CA8F-4031-A0B8-45A3001F4F81}.Debug with LLVM|x64.ActiveCfg = Debug with LLVM|Win32
		{150377B0-CA8F-4031-A0B8-45A3001F4F81}.Debug_with_unit_tests|Any CPU.ActiveCfg = Debug_with_unit_tests|Win32
		{150377B0-CA8F-4031-A0B8-45A3001F4F81}.Debug_with_unit_tests|Mixed Platforms.ActiveCfg = Debug_with_unit_tests|Win32
		{150377B0-CA8F-4031-A0B8-45A3001F4F81}.Debug_with_unit_tests|Mixed Platforms.Build.0 = Debug_with_unit_tests|Win32
		{150377B0-CA8F-4031-A0B8-45A3001F4F81}.Debug_with_unit_tests|Win32.ActiveCfg = Debug_with_unit_tests|Win32
		{150377B0-CA8F-4031-A0B8-45A3001F4F81}.Debug_with_unit_tests|Win32.Build.0 = Debug_with_unit_tests|Win32
		{150377B0-CA8F-4031-A0B8-45A3001F4F81}.Debug_with_unit_tests|x64.ActiveCfg = Debug_with_unit_tests|Win32
		{150377B0-CA8F-4031-A0B8-45A3001F4F81}.Debug|Any CPU.ActiveCfg = Debug|Win32
		{150377B0-CA8F-4031-A0B8-45A3001F4F81}.Debug|Mixed Platforms.ActiveCfg = Debug|Win32
		{150377B0-CA8F-4031-A0B8-45A3001F4F81}.Debug|Mixed Platforms.Build.0 = Debug|Win32
		{150377B0-CA8F-4031-A0B8-45A3001F4F81}.Debug|Win32.ActiveCfg = Debug|Win32
		{150377B0-CA8F-4031-A0B8-45A3001F4F81}.Debug|Win32.Build.0 = Debug|Win32
		{150377B0-CA8F-4031-A0B8-45A3001F4F81}.Debug|x64.ActiveCfg = Debug|Win32
		{150377B0-CA8F-4031-A0B8-45A3001F4F81}.Debug-IntelCrypto|Any CPU.ActiveCfg = Debug-IntelCrypto|Win32
		{150377B0-CA8F-4031-A0B8-45A3001F4F81}.Debug-IntelCrypto|Mixed Platforms.ActiveCfg = Debug-IntelCrypto|Win32
		{150377B0-CA8F-4031-A0B8-45A3001F4F81}.Debug-IntelCrypto|Mixed Platforms.Build.0 = Debug-IntelCrypto|Win32
		{150377B0-CA8F-4031-A0B8-45A3001F4F81}.Debug-IntelCrypto|Win32.ActiveCfg = Debug-IntelCrypto|Win32
		{150377B0-CA8F-4031-A0B8-45A3001F4F81}.Debug-IntelCrypto|Win32.Build.0 = Debug-IntelCrypto|Win32
		{150377B0-CA8F-4031-A0B8-45A3001F4F81}.Debug-IntelCrypto|x64.ActiveCfg = Debug-IntelCrypto|Win32
		{150377B0-CA8F-4031-A0B8-45A3001F4F81}.Debug-with-googleperftools|Any CPU.ActiveCfg = Debug-with-googleperftools|Win32
		{150377B0-CA8F-4031-A0B8-45A3001F4F81}.Debug-with-googleperftools|Mixed Platforms.ActiveCfg = Debug-with-googleperftools|Win32
		{150377B0-CA8F-4031-A0B8-45A3001F4F81}.Debug-with-googleperftools|Mixed Platforms.Build.0 = Debug-with-googleperftools|Win32
		{150377B0-CA8F-4031-A0B8-45A3001F4F81}.Debug-with-googleperftools|Win32.ActiveCfg = Debug-with-googleperftools|Win32
		{150377B0-CA8F-4031-A0B8-45A3001F4F81}.Debug-with-googleperftools|Win32.Build.0 = Debug-with-googleperftools|Win32
		{150377B0-CA8F-4031-A0B8-45A3001F4F81}.Debug-with-googleperftools|x64.ActiveCfg = Debug-with-googleperftools|Win32
		{150377B0-CA8F-4031-A0B8-45A3001F4F81}.Debug-with-Mini-XML|Any CPU.ActiveCfg = Debug-with-Mini-XML|Win32
		{150377B0-CA8F-4031-A0B8-45A3001F4F81}.Debug-with-Mini-XML|Mixed Platforms.ActiveCfg = Debug-with-Mini-XML|Win32
		{150377B0-CA8F-4031-A0B8-45A3001F4F81}.Debug-with-Mini-XML|Mixed Platforms.Build.0 = Debug-with-Mini-XML|Win32
		{150377B0-CA8F-4031-A0B8-45A3001F4F81}.Debug-with-Mini-XML|Win32.ActiveCfg = Debug-with-Mini-XML|Win32
		{150377B0-CA8F-4031-A0B8-45A3001F4F81}.Debug-with-Mini-XML|Win32.Build.0 = Debug-with-Mini-XML|Win32
		{150377B0-CA8F-4031-A0B8-45A3001F4F81}.Debug-with-Mini-XML|x64.ActiveCfg = Debug-with-Mini-XML|Win32
		{150377B0-CA8F-4031-A0B8-45A3001F4F81}.Debug-with-payment|Any CPU.ActiveCfg = Debug-with-payment|Win32
		{150377B0-CA8F-4031-A0B8-45A3001F4F81}.Debug-with-payment|Mixed Platforms.ActiveCfg = Debug-with-payment|Win32
		{150377B0-CA8F-4031-A0B8-45A3001F4F81}.Debug-with-payment|Mixed Platforms.Build.0 = Debug-with-payment|Win32
		{150377B0-CA8F-4031-A0B8-45A3001F4F81}.Debug-with-payment|Win32.ActiveCfg = Debug-with-payment|Win32
		{150377B0-CA8F-4031-A0B8-45A3001F4F81}.Debug-with-payment|Win32.Build.0 = Debug-with-payment|Win32
		{150377B0-CA8F-4031-A0B8-45A3001F4F81}.Debug-with-payment|x64.ActiveCfg = Debug-with-payment|Win32
		{150377B0-CA8F-4031-A0B8-45A3001F4F81}.Mit Xerces 2.0.0|Any CPU.ActiveCfg = Mit Xerces 2.0.0|Win32
		{150377B0-CA8F-4031-A0B8-45A3001F4F81}.Mit Xerces 2.0.0|Mixed Platforms.ActiveCfg = Mit Xerces 2.0.0|Win32
		{150377B0-CA8F-4031-A0B8-45A3001F4F81}.Mit Xerces 2.0.0|Mixed Platforms.Build.0 = Mit Xerces 2.0.0|Win32
		{150377B0-CA8F-4031-A0B8-45A3001F4F81}.Mit Xerces 2.0.0|Win32.ActiveCfg = Mit Xerces 2.0.0|Win32
		{150377B0-CA8F-4031-A0B8-45A3001F4F81}.Mit Xerces 2.0.0|Win32.Build.0 = Mit Xerces 2.0.0|Win32
		{150377B0-CA8F-4031-A0B8-45A3001F4F81}.Mit Xerces 2.0.0|x64.ActiveCfg = Mit Xerces 2.0.0|Win32
		{150377B0-CA8F-4031-A0B8-45A3001F4F81}.Mit Xerces 2.3 dev|Any CPU.ActiveCfg = Mit Xerces 2.3 dev|Win32
		{150377B0-CA8F-4031-A0B8-45A3001F4F81}.Mit Xerces 2.3 dev|Mixed Platforms.ActiveCfg = Mit Xerces 2.3 dev|Win32
		{150377B0-CA8F-4031-A0B8-45A3001F4F81}.Mit Xerces 2.3 dev|Mixed Platforms.Build.0 = Mit Xerces 2.3 dev|Win32
		{150377B0-CA8F-4031-A0B8-45A3001F4F81}.Mit Xerces 2.3 dev|Win32.ActiveCfg = Mit Xerces 2.3 dev|Win32
		{150377B0-CA8F-4031-A0B8-45A3001F4F81}.Mit Xerces 2.3 dev|Win32.Build.0 = Mit Xerces 2.3 dev|Win32
		{150377B0-CA8F-4031-A0B8-45A3001F4F81}.Mit Xerces 2.3 dev|x64.ActiveCfg = Mit Xerces 2.3 dev|Win32
		{150377B0-CA8F-4031-A0B8-45A3001F4F81}.proxytest-only-local-debug|Any CPU.ActiveCfg = proxytest-only-local-debug|Win32
		{150377B0-CA8F-4031-A0B8-45A3001F4F81}.proxytest-only-local-debug|Mixed Platforms.ActiveCfg = proxytest-only-local-debug|Win32
		{150377B0-CA8F-4031-A0B8-45A3001F4F81}.proxytest-only-local-debug|Mixed Platforms.Build.0 = proxytest-only-local-debug|Win32
		{150377B0-CA8F-4031-A0B8-45A3001F4F81}.proxytest-only-local-debug|Win32.ActiveCfg = proxytest-only-local-debug|Win32
		{150377B0-CA8F-4031-A0B8-45A3001F4F81}.proxytest-only-local-debug|Win32.Build.0 = proxytest-only-local-debug|Win32
		{150377B0-CA8F-4031-A0B8-45A3001F4F81}.proxytest-only-local-debug|x64.ActiveCfg = proxytest-only-local-debug|Win32
		{150377B0-CA8F-4031-A0B8-45A3001F4F81}.Release|Any CPU.ActiveCfg = Release|Win32
		{150377B0-CA8F-4031-A0B8-45A3001F4F81}.Release|Mixed Platforms.ActiveCfg = Release|Win32
		{150377B0-CA8F-4031-A0B8-45A3001F4F81}.Release|Mixed Platforms.Build.0 = Release|Win32
		{150377B0-CA8F-4031-A0B8-45A3001F4F81}.Release|Win32.ActiveCfg = Release|Win32
		{150377B0-CA8F-4031-A0B8-45A3001F4F81}.Release|Win32.Build.0 = Release|Win32
		{150377B0-CA8F-4031-A0B8-45A3001F4F81}.Release|x64.ActiveCfg = Release|Win32
		{150377B0-CA8F-4031-A0B8-45A3001F4F81}.Release-IntelCrypto|Any CPU.ActiveCfg = Release-IntelCrypto|Win32
		{150377B0-CA8F-4031-A0B8-45A3001F4F81}.Release-IntelCrypto|Mixed Platforms.ActiveCfg = Release-IntelCrypto|Win32
		{150377B0-CA8F-4031-A0B8-45A3001F4F81}.Release-IntelCrypto|Mixed Platforms.Build.0 = Release-IntelCrypto|Win32
		{150377B0-CA8F-4031-A0B8-45A3001F4F81}.Release-IntelCrypto|Win32.ActiveCfg = Release-IntelCrypto|Win32
		{150377B0-CA8F-4031-A0B8-45A3001F4F81}.Release-IntelCrypto|Win32.Build.0 = Release-IntelCrypto|Win32
		{150377B0-CA8F-4031-A0B8-45A3001F4F81}.Release-IntelCrypto|x64.ActiveCfg = Release-IntelCrypto|Win32
		{150377B0-CA8F-4031-A0B8-45A3001F4F81}.VTune|Any CPU.ActiveCfg = VTune|Win32
		{150377B0-CA8F-4031-A0B8-45A3001F4F81}.VTune|Mixed Platforms.ActiveCfg = VTune|Win32
		{150377B0-CA8F-4031-A0B8-45A3001F4F81}.VTune|Mixed Platforms.Build.0 = VTune|Win32
		{150377B0-CA8F-4031-A0B8-45A3001F4F81}.VTune|Win32.ActiveCfg = VTune|Win32
		{150377B0-CA8F-4031-A0B8-45A3001F4F81}.VTune|Win32.Build.0 = VTune|Win32
		{150377B0-CA8F-4031-A0B8-45A3001F4F81}.VTune|x64.ActiveCfg = VTune|Win32
		{83CD4B6C-FBFD-422A-91ED-FA6E515464F2}.Debug with LLVM|Any CPU.ActiveCfg = Debug with LLVM|Win32
		{83CD4B6C-FBFD-422A-91ED-FA6E515464F2}.Debug with LLVM|Mixed Platforms.ActiveCfg = Debug with LLVM|Win32
		{83CD4B6C-FBFD-422A-91ED-FA6E515464F2}.Debug with LLVM|Mixed Platforms.Build.0 = Debug with LLVM|Win32
		{83CD4B6C-FBFD-422A-91ED-FA6E515464F2}.Debug with LLVM|Win32.ActiveCfg = Debug with LLVM|Win32
		{83CD4B6C-FBFD-422A-91ED-FA6E515464F2}.Debug with LLVM|Win32.Build.0 = Debug with LLVM|Win32
		{83CD4B6C-FBFD-422A-91ED-FA6E515464F2}.Debug with LLVM|x64.ActiveCfg = Debug with LLVM|Win32
		{83CD4B6C-FBFD-422A-91ED-FA6E515464F2}.Debug_with_unit_tests|Any CPU.ActiveCfg = Debug_with_unit_tests|Win32
		{83CD4B6C-FBFD-422A-91ED-FA6E515464F2}.Debug_with_unit_tests|Mixed Platforms.ActiveCfg = Debug_with_unit_tests|Win32
		{83CD4B6C-FBFD-422A-91ED-FA6E515464F2}.Debug_with_unit_tests|Mixed Platforms.Build.0 = Debug_with_unit_tests|Win32
		{83CD4B6C-FBFD-422A-91ED-FA6E515464F2}.Debug_with_unit_tests|Win32.ActiveCfg = Debug_with_unit_tests|Win32
		{83CD4B6C-FBFD-422A-91ED-FA6E515464F2}.Debug_with_unit_tests|Win32.Build.0 = Debug_with_unit_tests|Win32
		{83CD4B6C-FBFD-422A-91ED-FA6E515464F2}.Debug_with_unit_tests|x64.ActiveCfg = Debug_with_unit_tests|Win32
		{83CD4B6C-FBFD-422A-91ED-FA6E515464F2}.Debug|Any CPU.ActiveCfg = Debug|Win32
		{83CD4B6C-FBFD-422A-91ED-FA6E515464F2}.Debug|Mixed Platforms.ActiveCfg = Debug|Win32
		{83CD4B6C-FBFD-422A-91ED-FA6E515464F2}.Debug|Mixed Platforms.Build.0 = Debug|Win32
		{83CD4B6C-FBFD-422A-91ED-FA6E515464F2}.Debug|Win32.ActiveCfg = Debug|Win32
		{83CD4B6C-FBFD-422A-91ED-FA6E515464F2}.Debug|Win32.Build.0 = Debug|Win32
		{83CD4B6C-FBFD-422A-91ED-FA6E515464F2}.Debug|x64.ActiveCfg = Debug|Win32
		{83CD4B6C-FBFD-422A-91ED-FA6E515464F2}.Debug-IntelCrypto|Any CPU.ActiveCfg = Debug-IntelCrypto|Win32
		{83CD4B6C-FBFD-422A-91ED-FA6E515464F2}.Debug-IntelCrypto|Mixed Platforms.ActiveCfg = Debug-IntelCrypto|Win32
		{83CD4B6C-FBFD-422A-91ED-FA6E515464F2}.Debug-IntelCrypto|Mixed Platforms.Build.0 = Debug-IntelCrypto|Win32
		{83CD4B6C-FBFD-422A-91ED-FA6E515464F2}.Debug-IntelCrypto|Win32.ActiveCfg = Debug-IntelCrypto|Win32
		{83CD4B6C-FBFD-422A-91ED-FA6E515464F2}.Debug-IntelCrypto|Win32.Build.0 = Debug-IntelCrypto|Win32
		{83CD4B6C-FBFD-422A-91ED-FA6E515464F2}.Debug-IntelCrypto|x64.ActiveCfg = Debug-IntelCrypto|Win32
		{83CD4B6C-FBFD-422A-91ED-FA6E515464F2}.Debug-with-googleperftools|Any CPU.ActiveCfg = Debug-with-googleperftools|Win32
		{83CD4B6C-FBFD-422A-91ED-FA6E515464F2}.Debug-with-googleperftools|Mixed Platforms.ActiveCfg = Debug-with-googleperftools|Win32
		{83CD4B6C-FBFD-422A-91ED-FA6E515464F2}.Debug-with-googleperftools|Mixed Platforms.Build.0 = Debug-with-googleperftools|Win32
		{83CD4B6C-FBFD-422A-91ED-FA6E515464F2}.Debug-with-googleperftools|Win32.ActiveCfg = Debug-with-googleperftools|Win32
		{83CD4B6C-FBFD-422A-91ED-FA6E515464F2}.Debug-with-googleperftools|Win32.Build.0 = Debug-with-googleperftools|Win32
		{83CD4B6C-FBFD-422A-91ED-FA6E515464F2}.Debug-with-googleperftools|x64.ActiveCfg = Debug-with-googleperftools|Win32
		{83CD4B6C-FBFD-422A-91ED-FA6E515464F2}.Debug-with-Mini-XML|Any CPU.ActiveCfg = Debug-with-Mini-XML|Win32
		{83CD4B6C-FBFD-422A-91ED-FA6E515464F2}.Debug-with-Mini-XML|Mixed Platforms.ActiveCfg = Debug-with-Mini-XML|Win32
		{83CD4B6C-FBFD-422A-91ED-FA6E515464F2}.Debug-with-Mini-XML|Mixed Platforms.Build.0 = Debug-with-Mini-XML|Win32
		{83CD4B6C-FBFD-422A-91ED-FA6E515464F2}.Debug-with-Mini-XML|Win32.ActiveCfg = Debug-with-Mini-XML|Win32
		{83CD4B6C-FBFD-422A-91ED-FA6E515464F2}.Debug-with-Mini-XML|x64.ActiveCfg = Debug-with-Mini-XML|Win32
		{83CD4B6C-FBFD-422A-91ED-FA6E515464F2}.Debug-with-payment|Any CPU.ActiveCfg = Debug-with-payment|Win32
		{83CD4B6C-FBFD-422A-91ED-FA6E515464F2}.Debug-with-payment|Mixed Platforms.ActiveCfg = Debug-with-payment|Win32
		{83CD4B6C-FBFD-422A-91ED-FA6E515464F2}.Debug-with-payment|Mixed Platforms.Build.0 = Debug-with-payment|Win32
		{83CD4B6C-FBFD-422A-91ED-FA6E515464F2}.Debug-with-payment|Win32.ActiveCfg = Debug-with-payment|Win32
		{83CD4B6C-FBFD-422A-91ED-FA6E515464F2}.Debug-with-payment|x64.ActiveCfg = Debug-with-payment|Win32
		{83CD4B6C-FBFD-422A-91ED-FA6E515464F2}.Mit Xerces 2.0.0|Any CPU.ActiveCfg = Mit Xerces 2.0.0|Win32
		{83CD4B6C-FBFD-422A-91ED-FA6E515464F2}.Mit Xerces 2.0.0|Mixed Platforms.ActiveCfg = Mit Xerces 2.0.0|Win32
		{83CD4B6C-FBFD-422A-91ED-FA6E515464F2}.Mit Xerces 2.0.0|Mixed Platforms.Build.0 = Mit Xerces 2.0.0|Win32
		{83CD4B6C-FBFD-422A-91ED-FA6E515464F2}.Mit Xerces 2.0.0|Win32.ActiveCfg = Mit Xerces 2.0.0|Win32
		{83CD4B6C-FBFD-422A-91ED-FA6E515464F2}.Mit Xerces 2.0.0|x64.ActiveCfg = Mit Xerces 2.0.0|Win32
		{83CD4B6C-FBFD-422A-91ED-FA6E515464F2}.Mit Xerces 2.3 dev|Any CPU.ActiveCfg = Mit Xerces 2.3 dev|Win32
		{83CD4B6C-FBFD-422A-91ED-FA6E515464F2}.Mit Xerces 2.3 dev|Mixed Platforms.ActiveCfg = Mit Xerces 2.3 dev|Win32
		{83CD4B6C-FBFD-422A-91ED-FA6E515464F2}.Mit Xerces 2.3 dev|Mixed Platforms.Build.0 = Mit Xerces 2.3 dev|Win32
		{83CD4B6C-FBFD-422A-91ED-FA6E515464F2}.Mit Xerces 2.3 dev|Win32.ActiveCfg = Mit Xerces 2.3 dev|Win32
		{83CD4B6C-FBFD-422A-91ED-FA6E515464F2}.Mit Xerces 2.3 dev|x64.ActiveCfg = Mit Xerces 2.3 dev|Win32
		{83CD4B6C-FBFD-422A-91ED-FA6E515464F2}.proxytest-only-local-debug|Any CPU.ActiveCfg = proxytest-only-local-debug|Win32
		{83CD4B6C-FBFD-422A-91ED-FA6E515464F2}.proxytest-only-local-debug|Mixed Platforms.ActiveCfg = proxytest-only-local-debug|Win32
		{83CD4B6C-FBFD-422A-91ED-FA6E515464F2}.proxytest-only-local-debug|Mixed Platforms.Build.0 = proxytest-only-local-debug|Win32
		{83CD4B6C-FBFD-422A-91ED-FA6E515464F2}.proxytest-only-local-debug|Win32.ActiveCfg = proxytest-only-local-debug|Win32
		{83CD4B6C-FBFD-422A-91ED-FA6E515464F2}.proxytest-only-local-debug|x64.ActiveCfg = proxytest-only-local-debug|Win32
		{83CD4B6C-FBFD-422A-91ED-FA6E515464F2}.Release|Any CPU.ActiveCfg = Release|Win32
		{83CD4B6C-FBFD-422A-91ED-FA6E515464F2}.Release|Mixed Platforms.ActiveCfg = Release|Win32
		{83CD4B6C-FBFD-422A-91ED-FA6E515464F2}.Release|Mixed Platforms.Build.0 = Release|Win32
		{83CD4B6C-FBFD-422A-91ED-FA6E515464F2}.Release|Win32.ActiveCfg = Release|Win32
		{83CD4B6C-FBFD-422A-91ED-FA6E515464F2}.Release|Win32.Build.0 = Release|Win32
		{83CD4B6C-FBFD-422A-91ED-FA6E515464F2}.Release|x64.ActiveCfg = Release|Win32
		{83CD4B6C-FBFD-422A-91ED-FA6E515464F2}.Release-IntelCrypto|Any CPU.ActiveCfg = Release|Win32
		{83CD4B6C-FBFD-422A-91ED-FA6E515464F2}.Release-IntelCrypto|Mixed Platforms.ActiveCfg = Release|Win32
		{83CD4B6C-FBFD-422A-91ED-FA6E515464F2}.Release-IntelCrypto|Mixed Platforms.Build.0 = Release|Win32
		{83CD4B6C-FBFD-422A-91ED-FA6E515464F2}.Release-IntelCrypto|Win32.ActiveCfg = Release-IntelCrypto|Win32
		{83CD4B6C-FBFD-422A-91ED-FA6E515464F2}.Release-IntelCrypto|Win32.Build.0 = Release-IntelCrypto|Win32
		{83CD4B6C-FBFD-422A-91ED-FA6E515464F2}.Release-IntelCrypto|x64.ActiveCfg = Release-IntelCrypto|Win32
		{83CD4B6C-FBFD-422A-91ED-FA6E515464F2}.VTune|Any CPU.ActiveCfg = VTune|Win32
		{83CD4B6C-FBFD-422A-91ED-FA6E515464F2}.VTune|Mixed Platforms.ActiveCfg = VTune|Win32
		{83CD4B6C-FBFD-422A-91ED-FA6E515464F2}.VTune|Mixed Platforms.Build.0 = VTune|Win32
		{83CD4B6C-FBFD-422A-91ED-FA6E515464F2}.VTune|Win32.ActiveCfg = VTune|Win32
		{83CD4B6C-FBFD-422A-91ED-FA6E515464F2}.VTune|x64.ActiveCfg = VTune|Win32
		{6408FBC7-C4FB-45FB-8276-25093DD9BD0E}.Debug with LLVM|Any CPU.ActiveCfg = Debug with LLVM|Win32
		{6408FBC7-C4FB-45FB-8276-25093DD9BD0E}.Debug with LLVM|Mixed Platforms.ActiveCfg = Debug with LLVM|Win32
		{6408FBC7-C4FB-45FB-8276-25093DD9BD0E}.Debug with LLVM|Mixed Platforms.Build.0 = Debug with LLVM|Win32
		{6408FBC7-C4FB-45FB-8276-25093DD9BD0E}.Debug with LLVM|Win32.ActiveCfg = Debug with LLVM|Win32
		{6408FBC7-C4FB-45FB-8276-25093DD9BD0E}.Debug with LLVM|Win32.Build.0 = Debug with LLVM|Win32
		{6408FBC7-C4FB-45FB-8276-25093DD9BD0E}.Debug with LLVM|x64.ActiveCfg = Debug with LLVM|Win32
		{6408FBC7-C4FB-45FB-8276-25093DD9BD0E}.Debug_with_unit_tests|Any CPU.ActiveCfg = Debug-with-Mini-XML|Win32
		{6408FBC7-C4FB-45FB-8276-25093DD9BD0E}.Debug_with_unit_tests|Mixed Platforms.ActiveCfg = Debug-with-Mini-XML|Win32
		{6408FBC7-C4FB-45FB-8276-25093DD9BD0E}.Debug_with_unit_tests|Mixed Platforms.Build.0 = Debug-with-Mini-XML|Win32
		{6408FBC7-C4FB-45FB-8276-25093DD9BD0E}.Debug_with_unit_tests|Win32.ActiveCfg = Debug-with-Mini-XML|Win32
		{6408FBC7-C4FB-45FB-8276-25093DD9BD0E}.Debug_with_unit_tests|Win32.Build.0 = Debug-with-Mini-XML|Win32
		{6408FBC7-C4FB-45FB-8276-25093DD9BD0E}.Debug_with_unit_tests|x64.ActiveCfg = Release|Win32
		{6408FBC7-C4FB-45FB-8276-25093DD9BD0E}.Debug_with_unit_tests|x64.Build.0 = Release|Win32
		{6408FBC7-C4FB-45FB-8276-25093DD9BD0E}.Debug|Any CPU.ActiveCfg = Debug|Win32
		{6408FBC7-C4FB-45FB-8276-25093DD9BD0E}.Debug|Mixed Platforms.ActiveCfg = Debug|Win32
		{6408FBC7-C4FB-45FB-8276-25093DD9BD0E}.Debug|Mixed Platforms.Build.0 = Debug|Win32
		{6408FBC7-C4FB-45FB-8276-25093DD9BD0E}.Debug|Win32.ActiveCfg = Debug|Win32
		{6408FBC7-C4FB-45FB-8276-25093DD9BD0E}.Debug|x64.ActiveCfg = Debug|Win32
		{6408FBC7-C4FB-45FB-8276-25093DD9BD0E}.Debug-IntelCrypto|Any CPU.ActiveCfg = Debug-with-payment|Win32
		{6408FBC7-C4FB-45FB-8276-25093DD9BD0E}.Debug-IntelCrypto|Mixed Platforms.ActiveCfg = Debug-with-payment|Win32
		{6408FBC7-C4FB-45FB-8276-25093DD9BD0E}.Debug-IntelCrypto|Win32.ActiveCfg = Debug-with-payment|Win32
		{6408FBC7-C4FB-45FB-8276-25093DD9BD0E}.Debug-IntelCrypto|x64.ActiveCfg = Release|Win32
		{6408FBC7-C4FB-45FB-8276-25093DD9BD0E}.Debug-IntelCrypto|x64.Build.0 = Release|Win32
		{6408FBC7-C4FB-45FB-8276-25093DD9BD0E}.Debug-with-googleperftools|Any CPU.ActiveCfg = Debug-with-googleperftools|Win32
		{6408FBC7-C4FB-45FB-8276-25093DD9BD0E}.Debug-with-googleperftools|Mixed Platforms.ActiveCfg = Debug-with-googleperftools|Win32
		{6408FBC7-C4FB-45FB-8276-25093DD9BD0E}.Debug-with-googleperftools|Mixed Platforms.Build.0 = Debug-with-googleperftools|Win32
		{6408FBC7-C4FB-45FB-8276-25093DD9BD0E}.Debug-with-googleperftools|Win32.ActiveCfg = Debug-with-googleperftools|Win32
		{6408FBC7-C4FB-45FB-8276-25093DD9BD0E}.Debug-with-googleperftools|Win32.Build.0 = Debug-with-googleperftools|Win32
		{6408FBC7-C4FB-45FB-8276-25093DD9BD0E}.Debug-with-googleperftools|x64.ActiveCfg = Debug-with-googleperftools|Win32
		{6408FBC7-C4FB-45FB-8276-25093DD9BD0E}.Debug-with-Mini-XML|Any CPU.ActiveCfg = Debug-with-Mini-XML|Win32
		{6408FBC7-C4FB-45FB-8276-25093DD9BD0E}.Debug-with-Mini-XML|Mixed Platforms.ActiveCfg = Debug-with-Mini-XML|Win32
		{6408FBC7-C4FB-45FB-8276-25093DD9BD0E}.Debug-with-Mini-XML|Mixed Platforms.Build.0 = Debug-with-Mini-XML|Win32
		{6408FBC7-C4FB-45FB-8276-25093DD9BD0E}.Debug-with-Mini-XML|Win32.ActiveCfg = Debug-with-Mini-XML|Win32
		{6408FBC7-C4FB-45FB-8276-25093DD9BD0E}.Debug-with-Mini-XML|Win32.Build.0 = Debug-with-Mini-XML|Win32
		{6408FBC7-C4FB-45FB-8276-25093DD9BD0E}.Debug-with-Mini-XML|x64.ActiveCfg = Debug-with-Mini-XML|Win32
		{6408FBC7-C4FB-45FB-8276-25093DD9BD0E}.Debug-with-payment|Any CPU.ActiveCfg = Debug-with-payment|Win32
		{6408FBC7-C4FB-45FB-8276-25093DD9BD0E}.Debug-with-payment|Mixed Platforms.ActiveCfg = Debug-with-payment|Win32
		{6408FBC7-C4FB-45FB-8276-25093DD9BD0E}.Debug-with-payment|Mixed Platforms.Build.0 = Debug-with-payment|Win32
		{6408FBC7-C4FB-45FB-8276-25093DD9BD0E}.Debug-with-payment|Win32.ActiveCfg = Debug-with-payment|Win32
		{6408FBC7-C4FB-45FB-8276-25093DD9BD0E}.Debug-with-payment|x64.ActiveCfg = Debug-with-payment|Win32
		{6408FBC7-C4FB-45FB-8276-25093DD9BD0E}.Mit Xerces 2.0.0|Any CPU.ActiveCfg = proxytest-only-local-debug|Win32
		{6408FBC7-C4FB-45FB-8276-25093DD9BD0E}.Mit Xerces 2.0.0|Mixed Platforms.ActiveCfg = proxytest-only-local-debug|Win32
		{6408FBC7-C4FB-45FB-8276-25093DD9BD0E}.Mit Xerces 2.0.0|Mixed Platforms.Build.0 = proxytest-only-local-debug|Win32
		{6408FBC7-C4FB-45FB-8276-25093DD9BD0E}.Mit Xerces 2.0.0|Win32.ActiveCfg = Release|Win32
		{6408FBC7-C4FB-45FB-8276-25093DD9BD0E}.Mit Xerces 2.0.0|Win32.Build.0 = Release|Win32
		{6408FBC7-C4FB-45FB-8276-25093DD9BD0E}.Mit Xerces 2.0.0|x64.ActiveCfg = Release|Win32
		{6408FBC7-C4FB-45FB-8276-25093DD9BD0E}.Mit Xerces 2.0.0|x64.Build.0 = Release|Win32
		{6408FBC7-C4FB-45FB-8276-25093DD9BD0E}.Mit Xerces 2.3 dev|Any CPU.ActiveCfg = proxytest-only-local-debug|Win32
		{6408FBC7-C4FB-45FB-8276-25093DD9BD0E}.Mit Xerces 2.3 dev|Mixed Platforms.ActiveCfg = proxytest-only-local-debug|Win32
		{6408FBC7-C4FB-45FB-8276-25093DD9BD0E}.Mit Xerces 2.3 dev|Mixed Platforms.Build.0 = proxytest-only-local-debug|Win32
		{6408FBC7-C4FB-45FB-8276-25093DD9BD0E}.Mit Xerces 2.3 dev|Win32.ActiveCfg = Release|Win32
		{6408FBC7-C4FB-45FB-8276-25093DD9BD0E}.Mit Xerces 2.3 dev|Win32.Build.0 = Release|Win32
		{6408FBC7-C4FB-45FB-8276-25093DD9BD0E}.Mit Xerces 2.3 dev|x64.ActiveCfg = Release|Win32
		{6408FBC7-C4FB-45FB-8276-25093DD9BD0E}.Mit Xerces 2.3 dev|x64.Build.0 = Release|Win32
		{6408FBC7-C4FB-45FB-8276-25093DD9BD0E}.proxytest-only-local-debug|Any CPU.ActiveCfg = proxytest-only-local-debug|Win32
		{6408FBC7-C4FB-45FB-8276-25093DD9BD0E}.proxytest-only-local-debug|Mixed Platforms.ActiveCfg = proxytest-only-local-debug|Win32
		{6408FBC7-C4FB-45FB-8276-25093DD9BD0E}.proxytest-only-local-debug|Mixed Platforms.Build.0 = proxytest-only-local-debug|Win32
		{6408FBC7-C4FB-45FB-8276-25093DD9BD0E}.proxytest-only-local-debug|Win32.ActiveCfg = proxytest-only-local-debug|Win32
		{6408FBC7-C4FB-45FB-8276-25093DD9BD0E}.proxytest-only-local-debug|x64.ActiveCfg = proxytest-only-local-debug|Win32
		{6408FBC7-C4FB-45FB-8276-25093DD9BD0E}.Release|Any CPU.ActiveCfg = Release|Win32
		{6408FBC7-C4FB-45FB-8276-25093DD9BD0E}.Release|Mixed Platforms.ActiveCfg = Release|Win32
		{6408FBC7-C4FB-45FB-8276-25093DD9BD0E}.Release|Mixed Platforms.Build.0 = Release|Win32
		{6408FBC7-C4FB-45FB-8276-25093DD9BD0E}.Release|Win32.ActiveCfg = Release|Win32
		{6408FBC7-C4FB-45FB-8276-25093DD9BD0E}.Release|Win32.Build.0 = Release|Win32
		{6408FBC7-C4FB-45FB-8276-25093DD9BD0E}.Release|x64.ActiveCfg = Release|Win32
		{6408FBC7-C4FB-45FB-8276-25093DD9BD0E}.Release-IntelCrypto|Any CPU.ActiveCfg = Release|Win32
		{6408FBC7-C4FB-45FB-8276-25093DD9BD0E}.Release-IntelCrypto|Mixed Platforms.ActiveCfg = Release|Win32
		{6408FBC7-C4FB-45FB-8276-25093DD9BD0E}.Release-IntelCrypto|Win32.ActiveCfg = Release|Win32
		{6408FBC7-C4FB-45FB-8276-25093DD9BD0E}.Release-IntelCrypto|x64.ActiveCfg = Release|Win32
		{6408FBC7-C4FB-45FB-8276-25093DD9BD0E}.Release-IntelCrypto|x64.Build.0 = Release|Win32
		{6408FBC7-C4FB-45FB-8276-25093DD9BD0E}.VTune|Any CPU.ActiveCfg = proxytest-only-local-debug|Win32
		{6408FBC7-C4FB-45FB-8276-25093DD9BD0E}.VTune|Mixed Platforms.ActiveCfg = proxytest-only-local-debug|Win32
		{6408FBC7-C4FB-45FB-8276-25093DD9BD0E}.VTune|Mixed Platforms.Build.0 = proxytest-only-local-debug|Win32
		{6408FBC7-C4FB-45FB-8276-25093DD9BD0E}.VTune|Win32.ActiveCfg = Release|Win32
		{6408FBC7-C4FB-45FB-8276-25093DD9BD0E}.VTune|Win32.Build.0 = Release|Win32
		{6408FBC7-C4FB-45FB-8276-25093DD9BD0E}.VTune|x64.ActiveCfg = Release|Win32
		{6408FBC7-C4FB-45FB-8276-25093DD9BD0E}.VTune|x64.Build.0 = Release|Win32
		{17916053-4B43-46CF-ABB3-709AE4E3DA78}.Debug with LLVM|Any CPU.ActiveCfg = Debug with LLVM|Win32
		{17916053-4B43-46CF-ABB3-709AE4E3DA78}.Debug with LLVM|Mixed Platforms.ActiveCfg = Debug with LLVM|Win32
		{17916053-4B43-46CF-ABB3-709AE4E3DA78}.Debug with LLVM|Mixed Platforms.Build.0 = Debug with LLVM|Win32
		{17916053-4B43-46CF-ABB3-709AE4E3DA78}.Debug with LLVM|Win32.ActiveCfg = Debug with LLVM|Win32
		{17916053-4B43-46CF-ABB3-709AE4E3DA78}.Debug with LLVM|Win32.Build.0 = Debug with LLVM|Win32
		{17916053-4B43-46CF-ABB3-709AE4E3DA78}.Debug with LLVM|x64.ActiveCfg = Debug with LLVM|Win32
		{17916053-4B43-46CF-ABB3-709AE4E3DA78}.Debug_with_unit_tests|Any CPU.ActiveCfg = Debug-with-Mini-XML|Win32
		{17916053-4B43-46CF-ABB3-709AE4E3DA78}.Debug_with_unit_tests|Mixed Platforms.ActiveCfg = Debug-with-Mini-XML|Win32
		{17916053-4B43-46CF-ABB3-709AE4E3DA78}.Debug_with_unit_tests|Mixed Platforms.Build.0 = Debug-with-Mini-XML|Win32
		{17916053-4B43-46CF-ABB3-709AE4E3DA78}.Debug_with_unit_tests|Win32.ActiveCfg = Debug-with-Mini-XML|Win32
		{17916053-4B43-46CF-ABB3-709AE4E3DA78}.Debug_with_unit_tests|Win32.Build.0 = Debug-with-Mini-XML|Win32
		{17916053-4B43-46CF-ABB3-709AE4E3DA78}.Debug_with_unit_tests|x64.ActiveCfg = Release|Win32
		{17916053-4B43-46CF-ABB3-709AE4E3DA78}.Debug_with_unit_tests|x64.Build.0 = Release|Win32
		{17916053-4B43-46CF-ABB3-709AE4E3DA78}.Debug|Any CPU.ActiveCfg = Debug|Win32
		{17916053-4B43-46CF-ABB3-709AE4E3DA78}.Debug|Mixed Platforms.ActiveCfg = Debug|Win32
		{17916053-4B43-46CF-ABB3-709AE4E3DA78}.Debug|Mixed Platforms.Build.0 = Debug|Win32
		{17916053-4B43-46CF-ABB3-709AE4E3DA78}.Debug|Win32.ActiveCfg = Debug|Win32
		{17916053-4B43-46CF-ABB3-709AE4E3DA78}.Debug|x64.ActiveCfg = Debug|Win32
		{17916053-4B43-46CF-ABB3-709AE4E3DA78}.Debug-IntelCrypto|Any CPU.ActiveCfg = Debug-with-payment|Win32
		{17916053-4B43-46CF-ABB3-709AE4E3DA78}.Debug-IntelCrypto|Mixed Platforms.ActiveCfg = Debug-with-payment|Win32
		{17916053-4B43-46CF-ABB3-709AE4E3DA78}.Debug-IntelCrypto|Win32.ActiveCfg = Debug-with-payment|Win32
		{17916053-4B43-46CF-ABB3-709AE4E3DA78}.Debug-IntelCrypto|x64.ActiveCfg = Release|Win32
		{17916053-4B43-46CF-ABB3-709AE4E3DA78}.Debug-IntelCrypto|x64.Build.0 = Release|Win32
		{17916053-4B43-46CF-ABB3-709AE4E3DA78}.Debug-with-googleperftools|Any CPU.ActiveCfg = Debug-with-googleperftools|Win32
		{17916053-4B43-46CF-ABB3-709AE4E3DA78}.Debug-with-googleperftools|Mixed Platforms.ActiveCfg = Debug-with-googleperftools|Win32
		{17916053-4B43-46CF-ABB3-709AE4E3DA78}.Debug-with-googleperftools|Mixed Platforms.Build.0 = Debug-with-googleperftools|Win32
		{17916053-4B43-46CF-ABB3-709AE4E3DA78}.Debug-with-googleperftools|Win32.ActiveCfg = Debug-with-googleperftools|Win32
		{17916053-4B43-46CF-ABB3-709AE4E3DA78}.Debug-with-googleperftools|Win32.Build.0 = Debug-with-googleperftools|Win32
		{17916053-4B43-46CF-ABB3-709AE4E3DA78}.Debug-with-googleperftools|x64.ActiveCfg = Debug-with-googleperftools|Win32
		{17916053-4B43-46CF-ABB3-709AE4E3DA78}.Debug-with-Mini-XML|Any CPU.ActiveCfg = Debug-with-Mini-XML|Win32
		{17916053-4B43-46CF-ABB3-709AE4E3DA78}.Debug-with-Mini-XML|Mixed Platforms.ActiveCfg = Debug-with-Mini-XML|Win32
		{17916053-4B43-46CF-ABB3-709AE4E3DA78}.Debug-with-Mini-XML|Mixed Platforms.Build.0 = Debug-with-Mini-XML|Win32
		{17916053-4B43-46CF-ABB3-709AE4E3DA78}.Debug-with-Mini-XML|Win32.ActiveCfg = Debug-with-Mini-XML|Win32
		{17916053-4B43-46CF-ABB3-709AE4E3DA78}.Debug-with-Mini-XML|Win32.Build.0 = Debug-with-Mini-XML|Win32
		{17916053-4B43-46CF-ABB3-709AE4E3DA78}.Debug-with-Mini-XML|x64.ActiveCfg = Debug-with-Mini-XML|Win32
		{17916053-4B43-46CF-ABB3-709AE4E3DA78}.Debug-with-payment|Any CPU.ActiveCfg = Debug-with-payment|Win32
		{17916053-4B43-46CF-ABB3-709AE4E3DA78}.Debug-with-payment|Mixed Platforms.ActiveCfg = Debug-with-payment|Win32
		{17916053-4B43-46CF-ABB3-709AE4E3DA78}.Debug-with-payment|Mixed Platforms.Build.0 = Debug-with-payment|Win32
		{17916053-4B43-46CF-ABB3-709AE4E3DA78}.Debug-with-payment|Win32.ActiveCfg = Debug-with-payment|Win32
		{17916053-4B43-46CF-ABB3-709AE4E3DA78}.Debug-with-payment|x64.ActiveCfg = Debug-with-payment|Win32
		{17916053-4B43-46CF-ABB3-709AE4E3DA78}.Mit Xerces 2.0.0|Any CPU.ActiveCfg = proxytest-only-local-debug|Win32
		{17916053-4B43-46CF-ABB3-709AE4E3DA78}.Mit Xerces 2.0.0|Mixed Platforms.ActiveCfg = proxytest-only-local-debug|Win32
		{17916053-4B43-46CF-ABB3-709AE4E3DA78}.Mit Xerces 2.0.0|Mixed Platforms.Build.0 = proxytest-only-local-debug|Win32
		{17916053-4B43-46CF-ABB3-709AE4E3DA78}.Mit Xerces 2.0.0|Win32.ActiveCfg = Release|Win32
		{17916053-4B43-46CF-ABB3-709AE4E3DA78}.Mit Xerces 2.0.0|Win32.Build.0 = Release|Win32
		{17916053-4B43-46CF-ABB3-709AE4E3DA78}.Mit Xerces 2.0.0|x64.ActiveCfg = Release|Win32
		{17916053-4B43-46CF-ABB3-709AE4E3DA78}.Mit Xerces 2.0.0|x64.Build.0 = Release|Win32
		{17916053-4B43-46CF-ABB3-709AE4E3DA78}.Mit Xerces 2.3 dev|Any CPU.ActiveCfg = proxytest-only-local-debug|Win32
		{17916053-4B43-46CF-ABB3-709AE4E3DA78}.Mit Xerces 2.3 dev|Mixed Platforms.ActiveCfg = proxytest-only-local-debug|Win32
		{17916053-4B43-46CF-ABB3-709AE4E3DA78}.Mit Xerces 2.3 dev|Mixed Platforms.Build.0 = proxytest-only-local-debug|Win32
		{17916053-4B43-46CF-ABB3-709AE4E3DA78}.Mit Xerces 2.3 dev|Win32.ActiveCfg = Release|Win32
		{17916053-4B43-46CF-ABB3-709AE4E3DA78}.Mit Xerces 2.3 dev|Win32.Build.0 = Release|Win32
		{17916053-4B43-46CF-ABB3-709AE4E3DA78}.Mit Xerces 2.3 dev|x64.ActiveCfg = Release|Win32
		{17916053-4B43-46CF-ABB3-709AE4E3DA78}.Mit Xerces 2.3 dev|x64.Build.0 = Release|Win32
		{17916053-4B43-46CF-ABB3-709AE4E3DA78}.proxytest-only-local-debug|Any CPU.ActiveCfg = proxytest-only-local-debug|Win32
		{17916053-4B43-46CF-ABB3-709AE4E3DA78}.proxytest-only-local-debug|Mixed Platforms.ActiveCfg = proxytest-only-local-debug|Win32
		{17916053-4B43-46CF-ABB3-709AE4E3DA78}.proxytest-only-local-debug|Mixed Platforms.Build.0 = proxytest-only-local-debug|Win32
		{17916053-4B43-46CF-ABB3-709AE4E3DA78}.proxytest-only-local-debug|Win32.ActiveCfg = proxytest-only-local-debug|Win32
		{17916053-4B43-46CF-ABB3-709AE4E3DA78}.proxytest-only-local-debug|x64.ActiveCfg = proxytest-only-local-debug|Win32
		{17916053-4B43-46CF-ABB3-709AE4E3DA78}.Release|Any CPU.ActiveCfg = Release|Win32
		{17916053-4B43-46CF-ABB3-709AE4E3DA78}.Release|Mixed Platforms.ActiveCfg = Release|Win32
		{17916053-4B43-46CF-ABB3-709AE4E3DA78}.Release|Mixed Platforms.Build.0 = Release|Win32
		{17916053-4B43-46CF-ABB3-709AE4E3DA78}.Release|Win32.ActiveCfg = Release|Win32
		{17916053-4B43-46CF-ABB3-709AE4E3DA78}.Release|Win32.Build.0 = Release|Win32
		{17916053-4B43-46CF-ABB3-709AE4E3DA78}.Release|x64.ActiveCfg = Release|Win32
		{17916053-4B43-46CF-ABB3-709AE4E3DA78}.Release-IntelCrypto|Any CPU.ActiveCfg = Release|Win32
		{17916053-4B43-46CF-ABB3-709AE4E3DA78}.Release-IntelCrypto|Mixed Platforms.ActiveCfg = Release|Win32
		{17916053-4B43-46CF-ABB3-709AE4E3DA78}.Release-IntelCrypto|Win32.ActiveCfg = Release|Win32
		{17916053-4B43-46CF-ABB3-709AE4E3DA78}.Release-IntelCrypto|x64.ActiveCfg = Release|Win32
		{17916053-4B43-46CF-ABB3-709AE4E3DA78}.Release-IntelCrypto|x64.Build.0 = Release|Win32
		{17916053-4B43-46CF-ABB3-709AE4E3DA78}.VTune|Any CPU.ActiveCfg = proxytest-only-local-debug|Win32
		{17916053-4B43-46CF-ABB3-709AE4E3DA78}.VTune|Mixed Platforms.ActiveCfg = proxytest-only-local-debug|Win32
		{17916053-4B43-46CF-ABB3-709AE4E3DA78}.VTune|Mixed Platforms.Build.0 = proxytest-only-local-debug|Win32
		{17916053-4B43-46CF-ABB3-709AE4E3DA78}.VTune|Win32.ActiveCfg = Release|Win32
		{17916053-4B43-46CF-ABB3-709AE4E3DA78}.VTune|Win32.Build.0 = Release|Win32
		{17916053-4B43-46CF-ABB3-709AE4E3DA78}.VTune|x64.ActiveCfg = Release|Win32
		{17916053-4B43-46CF-ABB3-709AE4E3DA78}.VTune|x64.Build.0 = Release|Win32
		{C639FF43-A8F6-4957-8BB3-AA5692E8AC9F}.Debug with LLVM|Any CPU.ActiveCfg = Debug with LLVM|Win32
		{C639FF43-A8F6-4957-8BB3-AA5692E8AC9F}.Debug with LLVM|Mixed Platforms.ActiveCfg = Debug with LLVM|Win32
		{C639FF43-A8F6-4957-8BB3-AA5692E8AC9F}.Debug with LLVM|Mixed Platforms.Build.0 = Debug with LLVM|Win32
		{C639FF43-A8F6-4957-8BB3-AA5692E8AC9F}.Debug with LLVM|Win32.ActiveCfg = Debug with LLVM|Win32
		{C639FF43-A8F6-4957-8BB3-AA5692E8AC9F}.Debug with LLVM|Win32.Build.0 = Debug with LLVM|Win32
		{C639FF43-A8F6-4957-8BB3-AA5692E8AC9F}.Debug with LLVM|x64.ActiveCfg = Debug with LLVM|Win32
		{C639FF43-A8F6-4957-8BB3-AA5692E8AC9F}.Debug_with_unit_tests|Any CPU.ActiveCfg = Debug-with-Mini-XML|Win32
		{C639FF43-A8F6-4957-8BB3-AA5692E8AC9F}.Debug_with_unit_tests|Mixed Platforms.ActiveCfg = Debug-with-Mini-XML|Win32
		{C639FF43-A8F6-4957-8BB3-AA5692E8AC9F}.Debug_with_unit_tests|Mixed Platforms.Build.0 = Debug-with-Mini-XML|Win32
		{C639FF43-A8F6-4957-8BB3-AA5692E8AC9F}.Debug_with_unit_tests|Win32.ActiveCfg = Debug-with-Mini-XML|Win32
		{C639FF43-A8F6-4957-8BB3-AA5692E8AC9F}.Debug_with_unit_tests|Win32.Build.0 = Debug-with-Mini-XML|Win32
		{C639FF43-A8F6-4957-8BB3-AA5692E8AC9F}.Debug_with_unit_tests|x64.ActiveCfg = Release|Win32
		{C639FF43-A8F6-4957-8BB3-AA5692E8AC9F}.Debug_with_unit_tests|x64.Build.0 = Release|Win32
		{C639FF43-A8F6-4957-8BB3-AA5692E8AC9F}.Debug|Any CPU.ActiveCfg = Debug|Win32
		{C639FF43-A8F6-4957-8BB3-AA5692E8AC9F}.Debug|Mixed Platforms.ActiveCfg = Debug|Win32
		{C639FF43-A8F6-4957-8BB3-AA5692E8AC9F}.Debug|Mixed Platforms.Build.0 = Debug|Win32
		{C639FF43-A8F6-4957-8BB3-AA5692E8AC9F}.Debug|Win32.ActiveCfg = Debug|Win32
		{C639FF43-A8F6-4957-8BB3-AA5692E8AC9F}.Debug|x64.ActiveCfg = Debug|Win32
		{C639FF43-A8F6-4957-8BB3-AA5692E8AC9F}.Debug-IntelCrypto|Any CPU.ActiveCfg = Debug-with-payment|Win32
		{C639FF43-A8F6-4957-8BB3-AA5692E8AC9F}.Debug-IntelCrypto|Mixed Platforms.ActiveCfg = Debug-with-payment|Win32
		{C639FF43-A8F6-4957-8BB3-AA5692E8AC9F}.Debug-IntelCrypto|Win32.ActiveCfg = Debug-with-payment|Win32
		{C639FF43-A8F6-4957-8BB3-AA5692E8AC9F}.Debug-IntelCrypto|x64.ActiveCfg = Release|Win32
		{C639FF43-A8F6-4957-8BB3-AA5692E8AC9F}.Debug-IntelCrypto|x64.Build.0 = Release|Win32
		{C639FF43-A8F6-4957-8BB3-AA5692E8AC9F}.Debug-with-googleperftools|Any CPU.ActiveCfg = Debug-with-googleperftools|Win32
		{C639FF43-A8F6-4957-8BB3-AA5692E8AC9F}.Debug-with-googleperftools|Mixed Platforms.ActiveCfg = Debug-with-googleperftools|Win32
		{C639FF43-A8F6-4957-8BB3-AA5692E8AC9F}.Debug-with-googleperftools|Mixed Platforms.Build.0 = Debug-with-googleperftools|Win32
		{C639FF43-A8F6-4957-8BB3-AA5692E8AC9F}.Debug-with-googleperftools|Win32.ActiveCfg = Debug-with-googleperftools|Win32
		{C639FF43-A8F6-4957-8BB3-AA5692E8AC9F}.Debug-with-googleperftools|Win32.Build.0 = Debug-with-googleperftools|Win32
		{C639FF43-A8F6-4957-8BB3-AA5692E8AC9F}.Debug-with-googleperftools|x64.ActiveCfg = Debug-with-googleperftools|Win32
		{C639FF43-A8F6-4957-8BB3-AA5692E8AC9F}.Debug-with-Mini-XML|Any CPU.ActiveCfg = Debug-with-Mini-XML|Win32
		{C639FF43-A8F6-4957-8BB3-AA5692E8AC9F}.Debug-with-Mini-XML|Mixed Platforms.ActiveCfg = Debug-with-Mini-XML|Win32
		{C639FF43-A8F6-4957-8BB3-AA5692E8AC9F}.Debug-with-Mini-XML|Mixed Platforms.Build.0 = Debug-with-Mini-XML|Win32
		{C639FF43-A8F6-4957-8BB3-AA5692E8AC9F}.Debug-with-Mini-XML|Win32.ActiveCfg = Debug-with-Mini-XML|Win32
		{C639FF43-A8F6-4957-8BB3-AA5692E8AC9F}.Debug-with-Mini-XML|x64.ActiveCfg = Debug-with-Mini-XML|Win32
		{C639FF43-A8F6-4957-8BB3-AA5692E8AC9F}.Debug-with-payment|Any CPU.ActiveCfg = Debug-with-payment|Win32
		{C639FF43-A8F6-4957-8BB3-AA5692E8AC9F}.Debug-with-payment|Mixed Platforms.ActiveCfg = Debug-with-payment|Win32
		{C639FF43-A8F6-4957-8BB3-AA5692E8AC9F}.Debug-with-payment|Mixed Platforms.Build.0 = Debug-with-payment|Win32
		{C639FF43-A8F6-4957-8BB3-AA5692E8AC9F}.Debug-with-payment|Win32.ActiveCfg = Debug-with-payment|Win32
		{C639FF43-A8F6-4957-8BB3-AA5692E8AC9F}.Debug-with-payment|x64.ActiveCfg = Debug-with-payment|Win32
		{C639FF43-A8F6-4957-8BB3-AA5692E8AC9F}.Mit Xerces 2.0.0|Any CPU.ActiveCfg = proxytest-only-local-debug|Win32
		{C639FF43-A8F6-4957-8BB3-AA5692E8AC9F}.Mit Xerces 2.0.0|Mixed Platforms.ActiveCfg = proxytest-only-local-debug|Win32
		{C639FF43-A8F6-4957-8BB3-AA5692E8AC9F}.Mit Xerces 2.0.0|Mixed Platforms.Build.0 = proxytest-only-local-debug|Win32
		{C639FF43-A8F6-4957-8BB3-AA5692E8AC9F}.Mit Xerces 2.0.0|Win32.ActiveCfg = Release|Win32
		{C639FF43-A8F6-4957-8BB3-AA5692E8AC9F}.Mit Xerces 2.0.0|x64.ActiveCfg = Release|Win32
		{C639FF43-A8F6-4957-8BB3-AA5692E8AC9F}.Mit Xerces 2.0.0|x64.Build.0 = Release|Win32
		{C639FF43-A8F6-4957-8BB3-AA5692E8AC9F}.Mit Xerces 2.3 dev|Any CPU.ActiveCfg = proxytest-only-local-debug|Win32
		{C639FF43-A8F6-4957-8BB3-AA5692E8AC9F}.Mit Xerces 2.3 dev|Mixed Platforms.ActiveCfg = proxytest-only-local-debug|Win32
		{C639FF43-A8F6-4957-8BB3-AA5692E8AC9F}.Mit Xerces 2.3 dev|Mixed Platforms.Build.0 = proxytest-only-local-debug|Win32
		{C639FF43-A8F6-4957-8BB3-AA5692E8AC9F}.Mit Xerces 2.3 dev|Win32.ActiveCfg = Release|Win32
		{C639FF43-A8F6-4957-8BB3-AA5692E8AC9F}.Mit Xerces 2.3 dev|x64.ActiveCfg = Release|Win32
		{C639FF43-A8F6-4957-8BB3-AA5692E8AC9F}.Mit Xerces 2.3 dev|x64.Build.0 = Release|Win32
		{C639FF43-A8F6-4957-8BB3-AA5692E8AC9F}.proxytest-only-local-debug|Any CPU.ActiveCfg = proxytest-only-local-debug|Win32
		{C639FF43-A8F6-4957-8BB3-AA5692E8AC9F}.proxytest-only-local-debug|Mixed Platforms.ActiveCfg = proxytest-only-local-debug|Win32
		{C639FF43-A8F6-4957-8BB3-AA5692E8AC9F}.proxytest-only-local-debug|Mixed Platforms.Build.0 = proxytest-only-local-debug|Win32
		{C639FF43-A8F6-4957-8BB3-AA5692E8AC9F}.proxytest-only-local-debug|Win32.ActiveCfg = proxytest-only-local-debug|Win32
		{C639FF43-A8F6-4957-8BB3-AA5692E8AC9F}.proxytest-only-local-debug|x64.ActiveCfg = proxytest-only-local-debug|Win32
		{C639FF43-A8F6-4957-8BB3-AA5692E8AC9F}.Release|Any CPU.ActiveCfg = Release|Win32
		{C639FF43-A8F6-4957-8BB3-AA5692E8AC9F}.Release|Mixed Platforms.ActiveCfg = Release|Win32
		{C639FF43-A8F6-4957-8BB3-AA5692E8AC9F}.Release|Mixed Platforms.Build.0 = Release|Win32
		{C639FF43-A8F6-4957-8BB3-AA5692E8AC9F}.Release|Win32.ActiveCfg = Release|Win32
		{C639FF43-A8F6-4957-8BB3-AA5692E8AC9F}.Release|x64.ActiveCfg = Release|Win32
		{C639FF43-A8F6-4957-8BB3-AA5692E8AC9F}.Release-IntelCrypto|Any CPU.ActiveCfg = Release|Win32
		{C639FF43-A8F6-4957-8BB3-AA5692E8AC9F}.Release-IntelCrypto|Mixed Platforms.ActiveCfg = Release|Win32
		{C639FF43-A8F6-4957-8BB3-AA5692E8AC9F}.Release-IntelCrypto|Win32.ActiveCfg = Release|Win32
		{C639FF43-A8F6-4957-8BB3-AA5692E8AC9F}.Release-IntelCrypto|x64.ActiveCfg = Release|Win32
		{C639FF43-A8F6-4957-8BB3-AA5692E8AC9F}.Release-IntelCrypto|x64.Build.0 = Release|Win32
		{C639FF43-A8F6-4957-8BB3-AA5692E8AC9F}.VTune|Any CPU.ActiveCfg = proxytest-only-local-debug|Win32
		{C639FF43-A8F6-4957-8BB3-AA5692E8AC9F}.VTune|Mixed Platforms.ActiveCfg = proxytest-only-local-debug|Win32
		{C639FF43-A8F6-4957-8BB3-AA5692E8AC9F}.VTune|Mixed Platforms.Build.0 = proxytest-only-local-debug|Win32
		{C639FF43-A8F6-4957-8BB3-AA5692E8AC9F}.VTune|Win32.ActiveCfg = Release|Win32
		{C639FF43-A8F6-4957-8BB3-AA5692E8AC9F}.VTune|x64.ActiveCfg = Release|Win32
		{C639FF43-A8F6-4957-8BB3-AA5692E8AC9F}.VTune|x64.Build.0 = Release|Win32
		{9DB252A3-2EE3-440F-AC14-E961994FCE7A}.Debug with LLVM|Any CPU.ActiveCfg = Debug with LLVM|Win32
		{9DB252A3-2EE3-440F-AC14-E961994FCE7A}.Debug with LLVM|Mixed Platforms.ActiveCfg = Debug with LLVM|Win32
		{9DB252A3-2EE3-440F-AC14-E961994FCE7A}.Debug with LLVM|Mixed Platforms.Build.0 = Debug with LLVM|Win32
		{9DB252A3-2EE3-440F-AC14-E961994FCE7A}.Debug with LLVM|Win32.ActiveCfg = Debug with LLVM|Win32
		{9DB252A3-2EE3-440F-AC14-E961994FCE7A}.Debug with LLVM|Win32.Build.0 = Debug with LLVM|Win32
		{9DB252A3-2EE3-440F-AC14-E961994FCE7A}.Debug with LLVM|x64.ActiveCfg = Debug with LLVM|Win32
		{9DB252A3-2EE3-440F-AC14-E961994FCE7A}.Debug_with_unit_tests|Any CPU.ActiveCfg = Debug-with-Mini-XML|Win32
		{9DB252A3-2EE3-440F-AC14-E961994FCE7A}.Debug_with_unit_tests|Mixed Platforms.ActiveCfg = Debug-with-Mini-XML|Win32
		{9DB252A3-2EE3-440F-AC14-E961994FCE7A}.Debug_with_unit_tests|Mixed Platforms.Build.0 = Debug-with-Mini-XML|Win32
		{9DB252A3-2EE3-440F-AC14-E961994FCE7A}.Debug_with_unit_tests|Win32.ActiveCfg = Debug-with-Mini-XML|Win32
		{9DB252A3-2EE3-440F-AC14-E961994FCE7A}.Debug_with_unit_tests|Win32.Build.0 = Debug-with-Mini-XML|Win32
		{9DB252A3-2EE3-440F-AC14-E961994FCE7A}.Debug_with_unit_tests|x64.ActiveCfg = Release|Win32
		{9DB252A3-2EE3-440F-AC14-E961994FCE7A}.Debug_with_unit_tests|x64.Build.0 = Release|Win32
		{9DB252A3-2EE3-440F-AC14-E961994FCE7A}.Debug|Any CPU.ActiveCfg = Debug|Win32
		{9DB252A3-2EE3-440F-AC14-E961994FCE7A}.Debug|Mixed Platforms.ActiveCfg = Debug|Win32
		{9DB252A3-2EE3-440F-AC14-E961994FCE7A}.Debug|Mixed Platforms.Build.0 = Debug|Win32
		{9DB252A3-2EE3-440F-AC14-E961994FCE7A}.Debug|Win32.ActiveCfg = Debug|Win32
		{9DB252A3-2EE3-440F-AC14-E961994FCE7A}.Debug|x64.ActiveCfg = Debug|Win32
		{9DB252A3-2EE3-440F-AC14-E961994FCE7A}.Debug-IntelCrypto|Any CPU.ActiveCfg = Debug-with-payment|Win32
		{9DB252A3-2EE3-440F-AC14-E961994FCE7A}.Debug-IntelCrypto|Mixed Platforms.ActiveCfg = Debug-with-payment|Win32
		{9DB252A3-2EE3-440F-AC14-E961994FCE7A}.Debug-IntelCrypto|Win32.ActiveCfg = Debug-with-payment|Win32
		{9DB252A3-2EE3-440F-AC14-E961994FCE7A}.Debug-IntelCrypto|x64.ActiveCfg = Release|Win32
		{9DB252A3-2EE3-440F-AC14-E961994FCE7A}.Debug-IntelCrypto|x64.Build.0 = Release|Win32
		{9DB252A3-2EE3-440F-AC14-E961994FCE7A}.Debug-with-googleperftools|Any CPU.ActiveCfg = Debug-with-googleperftools|Win32
		{9DB252A3-2EE3-440F-AC14-E961994FCE7A}.Debug-with-googleperftools|Mixed Platforms.ActiveCfg = Debug-with-googleperftools|Win32
		{9DB252A3-2EE3-440F-AC14-E961994FCE7A}.Debug-with-googleperftools|Mixed Platforms.Build.0 = Debug-with-googleperftools|Win32
		{9DB252A3-2EE3-440F-AC14-E961994FCE7A}.Debug-with-googleperftools|Win32.ActiveCfg = Debug-with-googleperftools|Win32
		{9DB252A3-2EE3-440F-AC14-E961994FCE7A}.Debug-with-googleperftools|Win32.Build.0 = Debug-with-googleperftools|Win32
		{9DB252A3-2EE3-440F-AC14-E961994FCE7A}.Debug-with-googleperftools|x64.ActiveCfg = Debug-with-googleperftools|Win32
		{9DB252A3-2EE3-440F-AC14-E961994FCE7A}.Debug-with-Mini-XML|Any CPU.ActiveCfg = Debug-with-Mini-XML|Win32
		{9DB252A3-2EE3-440F-AC14-E961994FCE7A}.Debug-with-Mini-XML|Mixed Platforms.ActiveCfg = Debug-with-Mini-XML|Win32
		{9DB252A3-2EE3-440F-AC14-E961994FCE7A}.Debug-with-Mini-XML|Mixed Platforms.Build.0 = Debug-with-Mini-XML|Win32
		{9DB252A3-2EE3-440F-AC14-E961994FCE7A}.Debug-with-Mini-XML|Win32.ActiveCfg = Debug-with-Mini-XML|Win32
		{9DB252A3-2EE3-440F-AC14-E961994FCE7A}.Debug-with-Mini-XML|x64.ActiveCfg = Debug-with-Mini-XML|Win32
		{9DB252A3-2EE3-440F-AC14-E961994FCE7A}.Debug-with-payment|Any CPU.ActiveCfg = Debug-with-payment|Win32
		{9DB252A3-2EE3-440F-AC14-E961994FCE7A}.Debug-with-payment|Mixed Platforms.ActiveCfg = Debug-with-payment|Win32
		{9DB252A3-2EE3-440F-AC14-E961994FCE7A}.Debug-with-payment|Mixed Platforms.Build.0 = Debug-with-payment|Win32
		{9DB252A3-2EE3-440F-AC14-E961994FCE7A}.Debug-with-payment|Win32.ActiveCfg = Debug-with-payment|Win32
		{9DB252A3-2EE3-440F-AC14-E961994FCE7A}.Debug-with-payment|x64.ActiveCfg = Debug-with-payment|Win32
		{9DB252A3-2EE3-440F-AC14-E961994FCE7A}.Mit Xerces 2.0.0|Any CPU.ActiveCfg = proxytest-only-local-debug|Win32
		{9DB252A3-2EE3-440F-AC14-E961994FCE7A}.Mit Xerces 2.0.0|Mixed Platforms.ActiveCfg = proxytest-only-local-debug|Win32
		{9DB252A3-2EE3-440F-AC14-E961994FCE7A}.Mit Xerces 2.0.0|Mixed Platforms.Build.0 = proxytest-only-local-debug|Win32
		{9DB252A3-2EE3-440F-AC14-E961994FCE7A}.Mit Xerces 2.0.0|Win32.ActiveCfg = Release|Win32
		{9DB252A3-2EE3-440F-AC14-E961994FCE7A}.Mit Xerces 2.0.0|x64.ActiveCfg = Release|Win32
		{9DB252A3-2EE3-440F-AC14-E961994FCE7A}.Mit Xerces 2.0.0|x64.Build.0 = Release|Win32
		{9DB252A3-2EE3-440F-AC14-E961994FCE7A}.Mit Xerces 2.3 dev|Any CPU.ActiveCfg = proxytest-only-local-debug|Win32
		{9DB252A3-2EE3-440F-AC14-E961994FCE7A}.Mit Xerces 2.3 dev|Mixed Platforms.ActiveCfg = proxytest-only-local-debug|Win32
		{9DB252A3-2EE3-440F-AC14-E961994FCE7A}.Mit Xerces 2.3 dev|Mixed Platforms.Build.0 = proxytest-only-local-debug|Win32
		{9DB252A3-2EE3-440F-AC14-E961994FCE7A}.Mit Xerces 2.3 dev|Win32.ActiveCfg = Release|Win32
		{9DB252A3-2EE3-440F-AC14-E961994FCE7A}.Mit Xerces 2.3 dev|x64.ActiveCfg = Release|Win32
		{9DB252A3-2EE3-440F-AC14-E961994FCE7A}.Mit Xerces 2.3 dev|x64.Build.0 = Release|Win32
		{9DB252A3-2EE3-440F-AC14-E961994FCE7A}.proxytest-only-local-debug|Any CPU.ActiveCfg = proxytest-only-local-debug|Win32
		{9DB252A3-2EE3-440F-AC14-E961994FCE7A}.proxytest-only-local-debug|Mixed Platforms.ActiveCfg = proxytest-only-local-debug|Win32
		{9DB252A3-2EE3-440F-AC14-E961994FCE7A}.proxytest-only-local-debug|Mixed Platforms.Build.0 = proxytest-only-local-debug|Win32
		{9DB252A3-2EE3-440F-AC14-E961994FCE7A}.proxytest-only-local-debug|Win32.ActiveCfg = proxytest-only-local-debug|Win32
		{9DB252A3-2EE3-440F-AC14-E961994FCE7A}.proxytest-only-local-debug|x64.ActiveCfg = proxytest-only-local-debug|Win32
		{9DB252A3-2EE3-440F-AC14-E961994FCE7A}.Release|Any CPU.ActiveCfg = Release|Win32
		{9DB252A3-2EE3-440F-AC14-E961994FCE7A}.Release|Mixed Platforms.ActiveCfg = Release|Win32
		{9DB252A3-2EE3-440F-AC14-E961994FCE7A}.Release|Mixed Platforms.Build.0 = Release|Win32
		{9DB252A3-2EE3-440F-AC14-E961994FCE7A}.Release|Win32.ActiveCfg = Release|Win32
		{9DB252A3-2EE3-440F-AC14-E961994FCE7A}.Release|x64.ActiveCfg = Release|Win32
		{9DB252A3-2EE3-440F-AC14-E961994FCE7A}.Release-IntelCrypto|Any CPU.ActiveCfg = Release|Win32
		{9DB252A3-2EE3-440F-AC14-E961994FCE7A}.Release-IntelCrypto|Mixed Platforms.ActiveCfg = Release|Win32
		{9DB252A3-2EE3-440F-AC14-E961994FCE7A}.Release-IntelCrypto|Win32.ActiveCfg = Release|Win32
		{9DB252A3-2EE3-440F-AC14-E961994FCE7A}.Release-IntelCrypto|x64.ActiveCfg = Release|Win32
		{9DB252A3-2EE3-440F-AC14-E961994FCE7A}.Release-IntelCrypto|x64.Build.0 = Release|Win32
		{9DB252A3-2EE3-440F-AC14-E961994FCE7A}.VTune|Any CPU.ActiveCfg = proxytest-only-local-debug|Win32
		{9DB252A3-2EE3-440F-AC14-E961994FCE7A}.VTune|Mixed Platforms.ActiveCfg = proxytest-only-local-debug|Win32
		{9DB252A3-2EE3-440F-AC14-E961994FCE7A}.VTune|Mixed Platforms.Build.0 = proxytest-only-local-debug|Win32
		{9DB252A3-2EE3-440F-AC14-E961994FCE7A}.VTune|Win32.ActiveCfg = Release|Win32
		{9DB252A3-2EE3-440F-AC14-E961994FCE7A}.VTune|x64.ActiveCfg = Release|Win32
		{9DB252A3-2EE3-440F-AC14-E961994FCE7A}.VTune|x64.Build.0 = Release|Win32
		{AAEF6135-AF46-4182-81AC-B9BC6A94DF11}.Debug with LLVM|Any CPU.ActiveCfg = Debug with LLVM|Win32
		{AAEF6135-AF46-4182-81AC-B9BC6A94DF11}.Debug with LLVM|Mixed Platforms.ActiveCfg = Debug with LLVM|Win32
		{AAEF6135-AF46-4182-81AC-B9BC6A94DF11}.Debug with LLVM|Mixed Platforms.Build.0 = Debug with LLVM|Win32
		{AAEF6135-AF46-4182-81AC-B9BC6A94DF11}.Debug with LLVM|Win32.ActiveCfg = Debug with LLVM|Win32
		{AAEF6135-AF46-4182-81AC-B9BC6A94DF11}.Debug with LLVM|Win32.Build.0 = Debug with LLVM|Win32
		{AAEF6135-AF46-4182-81AC-B9BC6A94DF11}.Debug with LLVM|x64.ActiveCfg = Debug with LLVM|Win32
		{AAEF6135-AF46-4182-81AC-B9BC6A94DF11}.Debug_with_unit_tests|Any CPU.ActiveCfg = Debug|Win32
		{AAEF6135-AF46-4182-81AC-B9BC6A94DF11}.Debug_with_unit_tests|Mixed Platforms.ActiveCfg = Debug|Win32
		{AAEF6135-AF46-4182-81AC-B9BC6A94DF11}.Debug_with_unit_tests|Mixed Platforms.Build.0 = Debug|Win32
		{AAEF6135-AF46-4182-81AC-B9BC6A94DF11}.Debug_with_unit_tests|Win32.ActiveCfg = Debug|Win32
		{AAEF6135-AF46-4182-81AC-B9BC6A94DF11}.Debug_with_unit_tests|Win32.Build.0 = Debug|Win32
		{AAEF6135-AF46-4182-81AC-B9BC6A94DF11}.Debug_with_unit_tests|x64.ActiveCfg = Release|Win32
		{AAEF6135-AF46-4182-81AC-B9BC6A94DF11}.Debug_with_unit_tests|x64.Build.0 = Release|Win32
		{AAEF6135-AF46-4182-81AC-B9BC6A94DF11}.Debug|Any CPU.ActiveCfg = Debug|Win32
		{AAEF6135-AF46-4182-81AC-B9BC6A94DF11}.Debug|Mixed Platforms.ActiveCfg = Debug|Win32
		{AAEF6135-AF46-4182-81AC-B9BC6A94DF11}.Debug|Mixed Platforms.Build.0 = Debug|Win32
		{AAEF6135-AF46-4182-81AC-B9BC6A94DF11}.Debug|Win32.ActiveCfg = Debug|Win32
		{AAEF6135-AF46-4182-81AC-B9BC6A94DF11}.Debug|Win32.Build.0 = Debug|Win32
		{AAEF6135-AF46-4182-81AC-B9BC6A94DF11}.Debug|x64.ActiveCfg = Debug|Win32
		{AAEF6135-AF46-4182-81AC-B9BC6A94DF11}.Debug-IntelCrypto|Any CPU.ActiveCfg = Debug|Win32
		{AAEF6135-AF46-4182-81AC-B9BC6A94DF11}.Debug-IntelCrypto|Mixed Platforms.ActiveCfg = Debug|Win32
		{AAEF6135-AF46-4182-81AC-B9BC6A94DF11}.Debug-IntelCrypto|Mixed Platforms.Build.0 = Debug|Win32
		{AAEF6135-AF46-4182-81AC-B9BC6A94DF11}.Debug-IntelCrypto|Win32.ActiveCfg = Debug|Win32
		{AAEF6135-AF46-4182-81AC-B9BC6A94DF11}.Debug-IntelCrypto|Win32.Build.0 = Debug|Win32
		{AAEF6135-AF46-4182-81AC-B9BC6A94DF11}.Debug-IntelCrypto|x64.ActiveCfg = Release|Win32
		{AAEF6135-AF46-4182-81AC-B9BC6A94DF11}.Debug-IntelCrypto|x64.Build.0 = Release|Win32
		{AAEF6135-AF46-4182-81AC-B9BC6A94DF11}.Debug-with-googleperftools|Any CPU.ActiveCfg = Debug-with-googleperftools|Win32
		{AAEF6135-AF46-4182-81AC-B9BC6A94DF11}.Debug-with-googleperftools|Mixed Platforms.ActiveCfg = Debug-with-googleperftools|Win32
		{AAEF6135-AF46-4182-81AC-B9BC6A94DF11}.Debug-with-googleperftools|Mixed Platforms.Build.0 = Debug-with-googleperftools|Win32
		{AAEF6135-AF46-4182-81AC-B9BC6A94DF11}.Debug-with-googleperftools|Win32.ActiveCfg = Debug-with-googleperftools|Win32
		{AAEF6135-AF46-4182-81AC-B9BC6A94DF11}.Debug-with-googleperftools|Win32.Build.0 = Debug-with-googleperftools|Win32
		{AAEF6135-AF46-4182-81AC-B9BC6A94DF11}.Debug-with-googleperftools|x64.ActiveCfg = Debug-with-googleperftools|Win32
		{AAEF6135-AF46-4182-81AC-B9BC6A94DF11}.Debug-with-Mini-XML|Any CPU.ActiveCfg = Debug|Win32
		{AAEF6135-AF46-4182-81AC-B9BC6A94DF11}.Debug-with-Mini-XML|Mixed Platforms.ActiveCfg = Debug|Win32
		{AAEF6135-AF46-4182-81AC-B9BC6A94DF11}.Debug-with-Mini-XML|Mixed Platforms.Build.0 = Debug|Win32
		{AAEF6135-AF46-4182-81AC-B9BC6A94DF11}.Debug-with-Mini-XML|Win32.ActiveCfg = Debug|Win32
		{AAEF6135-AF46-4182-81AC-B9BC6A94DF11}.Debug-with-Mini-XML|Win32.Build.0 = Debug|Win32
		{AAEF6135-AF46-4182-81AC-B9BC6A94DF11}.Debug-with-Mini-XML|x64.ActiveCfg = Release|Win32
		{AAEF6135-AF46-4182-81AC-B9BC6A94DF11}.Debug-with-Mini-XML|x64.Build.0 = Release|Win32
		{AAEF6135-AF46-4182-81AC-B9BC6A94DF11}.Debug-with-payment|Any CPU.ActiveCfg = Debug|Win32
		{AAEF6135-AF46-4182-81AC-B9BC6A94DF11}.Debug-with-payment|Mixed Platforms.ActiveCfg = Debug|Win32
		{AAEF6135-AF46-4182-81AC-B9BC6A94DF11}.Debug-with-payment|Mixed Platforms.Build.0 = Debug|Win32
		{AAEF6135-AF46-4182-81AC-B9BC6A94DF11}.Debug-with-payment|Win32.ActiveCfg = Debug|Win32
		{AAEF6135-AF46-4182-81AC-B9BC6A94DF11}.Debug-with-payment|Win32.Build.0 = Debug|Win32
		{AAEF6135-AF46-4182-81AC-B9BC6A94DF11}.Debug-with-payment|x64.ActiveCfg = Release|Win32
		{AAEF6135-AF46-4182-81AC-B9BC6A94DF11}.Debug-with-payment|x64.Build.0 = Release|Win32
		{AAEF6135-AF46-4182-81AC-B9BC6A94DF11}.Mit Xerces 2.0.0|Any CPU.ActiveCfg = Release|Win32
		{AAEF6135-AF46-4182-81AC-B9BC6A94DF11}.Mit Xerces 2.0.0|Mixed Platforms.ActiveCfg = Release|Win32
		{AAEF6135-AF46-4182-81AC-B9BC6A94DF11}.Mit Xerces 2.0.0|Mixed Platforms.Build.0 = Release|Win32
		{AAEF6135-AF46-4182-81AC-B9BC6A94DF11}.Mit Xerces 2.0.0|Win32.ActiveCfg = Release|Win32
		{AAEF6135-AF46-4182-81AC-B9BC6A94DF11}.Mit Xerces 2.0.0|Win32.Build.0 = Release|Win32
		{AAEF6135-AF46-4182-81AC-B9BC6A94DF11}.Mit Xerces 2.0.0|x64.ActiveCfg = Release|Win32
		{AAEF6135-AF46-4182-81AC-B9BC6A94DF11}.Mit Xerces 2.0.0|x64.Build.0 = Release|Win32
		{AAEF6135-AF46-4182-81AC-B9BC6A94DF11}.Mit Xerces 2.3 dev|Any CPU.ActiveCfg = Release|Win32
		{AAEF6135-AF46-4182-81AC-B9BC6A94DF11}.Mit Xerces 2.3 dev|Mixed Platforms.ActiveCfg = Release|Win32
		{AAEF6135-AF46-4182-81AC-B9BC6A94DF11}.Mit Xerces 2.3 dev|Mixed Platforms.Build.0 = Release|Win32
		{AAEF6135-AF46-4182-81AC-B9BC6A94DF11}.Mit Xerces 2.3 dev|Win32.ActiveCfg = Release|Win32
		{AAEF6135-AF46-4182-81AC-B9BC6A94DF11}.Mit Xerces 2.3 dev|Win32.Build.0 = Release|Win32
		{AAEF6135-AF46-4182-81AC-B9BC6A94DF11}.Mit Xerces 2.3 dev|x64.ActiveCfg = Release|Win32
		{AAEF6135-AF46-4182-81AC-B9BC6A94DF11}.Mit Xerces 2.3 dev|x64.Build.0 = Release|Win32
		{AAEF6135-AF46-4182-81AC-B9BC6A94DF11}.proxytest-only-local-debug|Any CPU.ActiveCfg = Release|Win32
		{AAEF6135-AF46-4182-81AC-B9BC6A94DF11}.proxytest-only-local-debug|Mixed Platforms.ActiveCfg = Release|Win32
		{AAEF6135-AF46-4182-81AC-B9BC6A94DF11}.proxytest-only-local-debug|Mixed Platforms.Build.0 = Release|Win32
		{AAEF6135-AF46-4182-81AC-B9BC6A94DF11}.proxytest-only-local-debug|Win32.ActiveCfg = Release|Win32
		{AAEF6135-AF46-4182-81AC-B9BC6A94DF11}.proxytest-only-local-debug|Win32.Build.0 = Release|Win32
		{AAEF6135-AF46-4182-81AC-B9BC6A94DF11}.proxytest-only-local-debug|x64.ActiveCfg = Release|Win32
		{AAEF6135-AF46-4182-81AC-B9BC6A94DF11}.proxytest-only-local-debug|x64.Build.0 = Release|Win32
		{AAEF6135-AF46-4182-81AC-B9BC6A94DF11}.Release|Any CPU.ActiveCfg = Release|Win32
		{AAEF6135-AF46-4182-81AC-B9BC6A94DF11}.Release|Mixed Platforms.ActiveCfg = Release|Win32
		{AAEF6135-AF46-4182-81AC-B9BC6A94DF11}.Release|Mixed Platforms.Build.0 = Release|Win32
		{AAEF6135-AF46-4182-81AC-B9BC6A94DF11}.Release|Win32.ActiveCfg = Release|Win32
		{AAEF6135-AF46-4182-81AC-B9BC6A94DF11}.Release|Win32.Build.0 = Release|Win32
		{AAEF6135-AF46-4182-81AC-B9BC6A94DF11}.Release|x64.ActiveCfg = Release|Win32
		{AAEF6135-AF46-4182-81AC-B9BC6A94DF11}.Release-IntelCrypto|Any CPU.ActiveCfg = Release|Win32
		{AAEF6135-AF46-4182-81AC-B9BC6A94DF11}.Release-IntelCrypto|Mixed Platforms.ActiveCfg = Release|Win32
		{AAEF6135-AF46-4182-81AC-B9BC6A94DF11}.Release-IntelCrypto|Mixed Platforms.Build.0 = Release|Win32
		{AAEF6135-AF46-4182-81AC-B9BC6A94DF11}.Release-IntelCrypto|Win32.ActiveCfg = Release|Win32
		{AAEF6135-AF46-4182-81AC-B9BC6A94DF11}.Release-IntelCrypto|Win32.Build.0 = Release|Win32
		{AAEF6135-AF46-4182-81AC-B9BC6A94DF11}.Release-IntelCrypto|x64.ActiveCfg = Release|Win32
		{AAEF6135-AF46-4182-81AC-B9BC6A94DF11}.Release-IntelCrypto|x64.Build.0 = Release|Win32
		{AAEF6135-AF46-4182-81AC-B9BC6A94DF11}.VTune|Any CPU.ActiveCfg = Release|Win32
		{AAEF6135-AF46-4182-81AC-B9BC6A94DF11}.VTune|Mixed Platforms.ActiveCfg = Release|Win32
		{AAEF6135-AF46-4182-81AC-B9BC6A94DF11}.VTune|Mixed Platforms.Build.0 = Release|Win32
		{AAEF6135-AF46-4182-81AC-B9BC6A94DF11}.VTune|Win32.ActiveCfg = Release|Win32
		{AAEF6135-AF46-4182-81AC-B9BC6A94DF11}.VTune|Win32.Build.0 = Release|Win32
		{AAEF6135-AF46-4182-81AC-B9BC6A94DF11}.VTune|x64.ActiveCfg = Release|Win32
		{AAEF6135-AF46-4182-81AC-B9BC6A94DF11}.VTune|x64.Build.0 = Release|Win32
		{6A4CE475-E3C6-4862-9656-E1E0E531C119}.Debug with LLVM|Any CPU.ActiveCfg = Release|x64
		{6A4CE475-E3C6-4862-9656-E1E0E531C119}.Debug with LLVM|Any CPU.Build.0 = Release|x64
		{6A4CE475-E3C6-4862-9656-E1E0E531C119}.Debug with LLVM|Mixed Platforms.ActiveCfg = Debug|Win32
		{6A4CE475-E3C6-4862-9656-E1E0E531C119}.Debug with LLVM|Mixed Platforms.Build.0 = Debug|Win32
		{6A4CE475-E3C6-4862-9656-E1E0E531C119}.Debug with LLVM|Win32.ActiveCfg = Debug|Win32
		{6A4CE475-E3C6-4862-9656-E1E0E531C119}.Debug with LLVM|Win32.Build.0 = Debug|Win32
		{6A4CE475-E3C6-4862-9656-E1E0E531C119}.Debug with LLVM|x64.ActiveCfg = Debug|x64
		{6A4CE475-E3C6-4862-9656-E1E0E531C119}.Debug with LLVM|x64.Build.0 = Debug|x64
		{6A4CE475-E3C6-4862-9656-E1E0E531C119}.Debug_with_unit_tests|Any CPU.ActiveCfg = Release|x64
		{6A4CE475-E3C6-4862-9656-E1E0E531C119}.Debug_with_unit_tests|Any CPU.Build.0 = Release|x64
		{6A4CE475-E3C6-4862-9656-E1E0E531C119}.Debug_with_unit_tests|Mixed Platforms.ActiveCfg = Debug|Win32
		{6A4CE475-E3C6-4862-9656-E1E0E531C119}.Debug_with_unit_tests|Mixed Platforms.Build.0 = Debug|Win32
		{6A4CE475-E3C6-4862-9656-E1E0E531C119}.Debug_with_unit_tests|Win32.ActiveCfg = Debug|Win32
		{6A4CE475-E3C6-4862-9656-E1E0E531C119}.Debug_with_unit_tests|Win32.Build.0 = Debug|Win32
		{6A4CE475-E3C6-4862-9656-E1E0E531C119}.Debug_with_unit_tests|x64.ActiveCfg = Debug|x64
		{6A4CE475-E3C6-4862-9656-E1E0E531C119}.Debug_with_unit_tests|x64.Build.0 = Debug|x64
		{6A4CE475-E3C6-4862-9656-E1E0E531C119}.Debug|Any CPU.ActiveCfg = Debug|Win32
		{6A4CE475-E3C6-4862-9656-E1E0E531C119}.Debug|Mixed Platforms.ActiveCfg = Debug|Win32
		{6A4CE475-E3C6-4862-9656-E1E0E531C119}.Debug|Mixed Platforms.Build.0 = Debug|Win32
		{6A4CE475-E3C6-4862-9656-E1E0E531C119}.Debug|Win32.ActiveCfg = Debug|Win32
		{6A4CE475-E3C6-4862-9656-E1E0E531C119}.Debug|Win32.Build.0 = Debug|Win32
		{6A4CE475-E3C6-4862-9656-E1E0E531C119}.Debug|x64.ActiveCfg = Debug|x64
		{6A4CE475-E3C6-4862-9656-E1E0E531C119}.Debug|x64.Build.0 = Debug|x64
		{6A4CE475-E3C6-4862-9656-E1E0E531C119}.Debug-IntelCrypto|Any CPU.ActiveCfg = Release|x64
		{6A4CE475-E3C6-4862-9656-E1E0E531C119}.Debug-IntelCrypto|Any CPU.Build.0 = Release|x64
		{6A4CE475-E3C6-4862-9656-E1E0E531C119}.Debug-IntelCrypto|Mixed Platforms.ActiveCfg = Debug|Win32
		{6A4CE475-E3C6-4862-9656-E1E0E531C119}.Debug-IntelCrypto|Mixed Platforms.Build.0 = Debug|Win32
		{6A4CE475-E3C6-4862-9656-E1E0E531C119}.Debug-IntelCrypto|Win32.ActiveCfg = Debug|Win32
		{6A4CE475-E3C6-4862-9656-E1E0E531C119}.Debug-IntelCrypto|Win32.Build.0 = Debug|Win32
		{6A4CE475-E3C6-4862-9656-E1E0E531C119}.Debug-IntelCrypto|x64.ActiveCfg = Debug|x64
		{6A4CE475-E3C6-4862-9656-E1E0E531C119}.Debug-IntelCrypto|x64.Build.0 = Debug|x64
		{6A4CE475-E3C6-4862-9656-E1E0E531C119}.Debug-with-googleperftools|Any CPU.ActiveCfg = Release|x64
		{6A4CE475-E3C6-4862-9656-E1E0E531C119}.Debug-with-googleperftools|Any CPU.Build.0 = Release|x64
		{6A4CE475-E3C6-4862-9656-E1E0E531C119}.Debug-with-googleperftools|Mixed Platforms.ActiveCfg = Debug|Win32
		{6A4CE475-E3C6-4862-9656-E1E0E531C119}.Debug-with-googleperftools|Mixed Platforms.Build.0 = Debug|Win32
		{6A4CE475-E3C6-4862-9656-E1E0E531C119}.Debug-with-googleperftools|Win32.ActiveCfg = Debug|Win32
		{6A4CE475-E3C6-4862-9656-E1E0E531C119}.Debug-with-googleperftools|Win32.Build.0 = Debug|Win32
		{6A4CE475-E3C6-4862-9656-E1E0E531C119}.Debug-with-googleperftools|x64.ActiveCfg = Debug|x64
		{6A4CE475-E3C6-4862-9656-E1E0E531C119}.Debug-with-googleperftools|x64.Build.0 = Debug|x64
		{6A4CE475-E3C6-4862-9656-E1E0E531C119}.Debug-with-Mini-XML|Any CPU.ActiveCfg = Release|x64
		{6A4CE475-E3C6-4862-9656-E1E0E531C119}.Debug-with-Mini-XML|Any CPU.Build.0 = Release|x64
		{6A4CE475-E3C6-4862-9656-E1E0E531C119}.Debug-with-Mini-XML|Mixed Platforms.ActiveCfg = Debug|Win32
		{6A4CE475-E3C6-4862-9656-E1E0E531C119}.Debug-with-Mini-XML|Mixed Platforms.Build.0 = Debug|Win32
		{6A4CE475-E3C6-4862-9656-E1E0E531C119}.Debug-with-Mini-XML|Win32.ActiveCfg = Debug-with-Mini-XML|Win32
		{6A4CE475-E3C6-4862-9656-E1E0E531C119}.Debug-with-Mini-XML|Win32.Build.0 = Debug-with-Mini-XML|Win32
		{6A4CE475-E3C6-4862-9656-E1E0E531C119}.Debug-with-Mini-XML|x64.ActiveCfg = Debug|x64
		{6A4CE475-E3C6-4862-9656-E1E0E531C119}.Debug-with-Mini-XML|x64.Build.0 = Debug|x64
		{6A4CE475-E3C6-4862-9656-E1E0E531C119}.Debug-with-payment|Any CPU.ActiveCfg = Release|x64
		{6A4CE475-E3C6-4862-9656-E1E0E531C119}.Debug-with-payment|Any CPU.Build.0 = Release|x64
		{6A4CE475-E3C6-4862-9656-E1E0E531C119}.Debug-with-payment|Mixed Platforms.ActiveCfg = Debug|Win32
		{6A4CE475-E3C6-4862-9656-E1E0E531C119}.Debug-with-payment|Mixed Platforms.Build.0 = Debug|Win32
		{6A4CE475-E3C6-4862-9656-E1E0E531C119}.Debug-with-payment|Win32.ActiveCfg = Debug|Win32
		{6A4CE475-E3C6-4862-9656-E1E0E531C119}.Debug-with-payment|Win32.Build.0 = Debug|Win32
		{6A4CE475-E3C6-4862-9656-E1E0E531C119}.Debug-with-payment|x64.ActiveCfg = Debug|x64
		{6A4CE475-E3C6-4862-9656-E1E0E531C119}.Debug-with-payment|x64.Build.0 = Debug|x64
		{6A4CE475-E3C6-4862-9656-E1E0E531C119}.Mit Xerces 2.0.0|Any CPU.ActiveCfg = Release|x64
		{6A4CE475-E3C6-4862-9656-E1E0E531C119}.Mit Xerces 2.0.0|Any CPU.Build.0 = Release|x64
		{6A4CE475-E3C6-4862-9656-E1E0E531C119}.Mit Xerces 2.0.0|Mixed Platforms.ActiveCfg = Release|Win32
		{6A4CE475-E3C6-4862-9656-E1E0E531C119}.Mit Xerces 2.0.0|Mixed Platforms.Build.0 = Release|Win32
		{6A4CE475-E3C6-4862-9656-E1E0E531C119}.Mit Xerces 2.0.0|Win32.ActiveCfg = Release|Win32
		{6A4CE475-E3C6-4862-9656-E1E0E531C119}.Mit Xerces 2.0.0|Win32.Build.0 = Release|Win32
		{6A4CE475-E3C6-4862-9656-E1E0E531C119}.Mit Xerces 2.0.0|x64.ActiveCfg = Release|x64
		{6A4CE475-E3C6-4862-9656-E1E0E531C119}.Mit Xerces 2.0.0|x64.Build.0 = Release|x64
		{6A4CE475-E3C6-4862-9656-E1E0E531C119}.Mit Xerces 2.3 dev|Any CPU.ActiveCfg = Release|x64
		{6A4CE475-E3C6-4862-9656-E1E0E531C119}.Mit Xerces 2.3 dev|Any CPU.Build.0 = Release|x64
		{6A4CE475-E3C6-4862-9656-E1E0E531C119}.Mit Xerces 2.3 dev|Mixed Platforms.ActiveCfg = Release|Win32
		{6A4CE475-E3C6-4862-9656-E1E0E531C119}.Mit Xerces 2.3 dev|Mixed Platforms.Build.0 = Release|Win32
		{6A4CE475-E3C6-4862-9656-E1E0E531C119}.Mit Xerces 2.3 dev|Win32.ActiveCfg = Release|Win32
		{6A4CE475-E3C6-4862-9656-E1E0E531C119}.Mit Xerces 2.3 dev|Win32.Build.0 = Release|Win32
		{6A4CE475-E3C6-4862-9656-E1E0E531C119}.Mit Xerces 2.3 dev|x64.ActiveCfg = Release|x64
		{6A4CE475-E3C6-4862-9656-E1E0E531C119}.Mit Xerces 2.3 dev|x64.Build.0 = Release|x64
		{6A4CE475-E3C6-4862-9656-E1E0E531C119}.proxytest-only-local-debug|Any CPU.ActiveCfg = Release|x64
		{6A4CE475-E3C6-4862-9656-E1E0E531C119}.proxytest-only-local-debug|Any CPU.Build.0 = Release|x64
		{6A4CE475-E3C6-4862-9656-E1E0E531C119}.proxytest-only-local-debug|Mixed Platforms.ActiveCfg = Release|Win32
		{6A4CE475-E3C6-4862-9656-E1E0E531C119}.proxytest-only-local-debug|Mixed Platforms.Build.0 = Release|Win32
		{6A4CE475-E3C6-4862-9656-E1E0E531C119}.proxytest-only-local-debug|Win32.ActiveCfg = Release|Win32
		{6A4CE475-E3C6-4862-9656-E1E0E531C119}.proxytest-only-local-debug|Win32.Build.0 = Release|Win32
		{6A4CE475-E3C6-4862-9656-E1E0E531C119}.proxytest-only-local-debug|x64.ActiveCfg = Release|x64
		{6A4CE475-E3C6-4862-9656-E1E0E531C119}.proxytest-only-local-debug|x64.Build.0 = Release|x64
		{6A4CE475-E3C6-4862-9656-E1E0E531C119}.Release|Any CPU.ActiveCfg = Release|Win32
		{6A4CE475-E3C6-4862-9656-E1E0E531C119}.Release|Mixed Platforms.ActiveCfg = Release|Win32
		{6A4CE475-E3C6-4862-9656-E1E0E531C119}.Release|Mixed Platforms.Build.0 = Release|Win32
		{6A4CE475-E3C6-4862-9656-E1E0E531C119}.Release|Win32.ActiveCfg = Release|Win32
		{6A4CE475-E3C6-4862-9656-E1E0E531C119}.Release|Win32.Build.0 = Release|Win32
		{6A4CE475-E3C6-4862-9656-E1E0E531C119}.Release|x64.ActiveCfg = Release|x64
		{6A4CE475-E3C6-4862-9656-E1E0E531C119}.Release|x64.Build.0 = Release|x64
		{6A4CE475-E3C6-4862-9656-E1E0E531C119}.Release-IntelCrypto|Any CPU.ActiveCfg = Release|x64
		{6A4CE475-E3C6-4862-9656-E1E0E531C119}.Release-IntelCrypto|Any CPU.Build.0 = Release|x64
		{6A4CE475-E3C6-4862-9656-E1E0E531C119}.Release-IntelCrypto|Mixed Platforms.ActiveCfg = Release|Win32
		{6A4CE475-E3C6-4862-9656-E1E0E531C119}.Release-IntelCrypto|Mixed Platforms.Build.0 = Release|Win32
		{6A4CE475-E3C6-4862-9656-E1E0E531C119}.Release-IntelCrypto|Win32.ActiveCfg = Release|Win32
		{6A4CE475-E3C6-4862-9656-E1E0E531C119}.Release-IntelCrypto|Win32.Build.0 = Release|Win32
		{6A4CE475-E3C6-4862-9656-E1E0E531C119}.Release-IntelCrypto|x64.ActiveCfg = Release|x64
		{6A4CE475-E3C6-4862-9656-E1E0E531C119}.Release-IntelCrypto|x64.Build.0 = Release|x64
		{6A4CE475-E3C6-4862-9656-E1E0E531C119}.VTune|Any CPU.ActiveCfg = Release|x64
		{6A4CE475-E3C6-4862-9656-E1E0E531C119}.VTune|Any CPU.Build.0 = Release|x64
		{6A4CE475-E3C6-4862-9656-E1E0E531C119}.VTune|Mixed Platforms.ActiveCfg = Release|Win32
		{6A4CE475-E3C6-4862-9656-E1E0E531C119}.VTune|Mixed Platforms.Build.0 = Release|Win32
		{6A4CE475-E3C6-4862-9656-E1E0E531C119}.VTune|Win32.ActiveCfg = Release|Win32
		{6A4CE475-E3C6-4862-9656-E1E0E531C119}.VTune|Win32.Build.0 = Release|Win32
		{6A4CE475-E3C6-4862-9656-E1E0E531C119}.VTune|x64.ActiveCfg = Release|x64
		{6A4CE475-E3C6-4862-9656-E1E0E531C119}.VTune|x64.Build.0 = Release|x64
		{7EDF6C1A-905B-40F6-A651-82AD2C50A725}.Debug with LLVM|Any CPU.ActiveCfg = Release|x64
		{7EDF6C1A-905B-40F6-A651-82AD2C50A725}.Debug with LLVM|Any CPU.Build.0 = Release|x64
		{7EDF6C1A-905B-40F6-A651-82AD2C50A725}.Debug with LLVM|Mixed Platforms.ActiveCfg = Debug|Win32
		{7EDF6C1A-905B-40F6-A651-82AD2C50A725}.Debug with LLVM|Mixed Platforms.Build.0 = Debug|Win32
		{7EDF6C1A-905B-40F6-A651-82AD2C50A725}.Debug with LLVM|Win32.ActiveCfg = Debug|Win32
		{7EDF6C1A-905B-40F6-A651-82AD2C50A725}.Debug with LLVM|Win32.Build.0 = Debug|Win32
		{7EDF6C1A-905B-40F6-A651-82AD2C50A725}.Debug with LLVM|x64.ActiveCfg = Debug|x64
		{7EDF6C1A-905B-40F6-A651-82AD2C50A725}.Debug with LLVM|x64.Build.0 = Debug|x64
		{7EDF6C1A-905B-40F6-A651-82AD2C50A725}.Debug_with_unit_tests|Any CPU.ActiveCfg = Release|x64
		{7EDF6C1A-905B-40F6-A651-82AD2C50A725}.Debug_with_unit_tests|Any CPU.Build.0 = Release|x64
		{7EDF6C1A-905B-40F6-A651-82AD2C50A725}.Debug_with_unit_tests|Mixed Platforms.ActiveCfg = Debug|Win32
		{7EDF6C1A-905B-40F6-A651-82AD2C50A725}.Debug_with_unit_tests|Mixed Platforms.Build.0 = Debug|Win32
		{7EDF6C1A-905B-40F6-A651-82AD2C50A725}.Debug_with_unit_tests|Win32.ActiveCfg = Debug|Win32
		{7EDF6C1A-905B-40F6-A651-82AD2C50A725}.Debug_with_unit_tests|Win32.Build.0 = Debug|Win32
		{7EDF6C1A-905B-40F6-A651-82AD2C50A725}.Debug_with_unit_tests|x64.ActiveCfg = Debug|x64
		{7EDF6C1A-905B-40F6-A651-82AD2C50A725}.Debug_with_unit_tests|x64.Build.0 = Debug|x64
		{7EDF6C1A-905B-40F6-A651-82AD2C50A725}.Debug|Any CPU.ActiveCfg = Debug|Win32
		{7EDF6C1A-905B-40F6-A651-82AD2C50A725}.Debug|Mixed Platforms.ActiveCfg = Debug|Win32
		{7EDF6C1A-905B-40F6-A651-82AD2C50A725}.Debug|Mixed Platforms.Build.0 = Debug|Win32
		{7EDF6C1A-905B-40F6-A651-82AD2C50A725}.Debug|Win32.ActiveCfg = Debug|Win32
		{7EDF6C1A-905B-40F6-A651-82AD2C50A725}.Debug|Win32.Build.0 = Debug|Win32
		{7EDF6C1A-905B-40F6-A651-82AD2C50A725}.Debug|x64.ActiveCfg = Debug|x64
		{7EDF6C1A-905B-40F6-A651-82AD2C50A725}.Debug|x64.Build.0 = Debug|x64
		{7EDF6C1A-905B-40F6-A651-82AD2C50A725}.Debug-IntelCrypto|Any CPU.ActiveCfg = Release|x64
		{7EDF6C1A-905B-40F6-A651-82AD2C50A725}.Debug-IntelCrypto|Any CPU.Build.0 = Release|x64
		{7EDF6C1A-905B-40F6-A651-82AD2C50A725}.Debug-IntelCrypto|Mixed Platforms.ActiveCfg = Debug|Win32
		{7EDF6C1A-905B-40F6-A651-82AD2C50A725}.Debug-IntelCrypto|Mixed Platforms.Build.0 = Debug|Win32
		{7EDF6C1A-905B-40F6-A651-82AD2C50A725}.Debug-IntelCrypto|Win32.ActiveCfg = Debug|Win32
		{7EDF6C1A-905B-40F6-A651-82AD2C50A725}.Debug-IntelCrypto|Win32.Build.0 = Debug|Win32
		{7EDF6C1A-905B-40F6-A651-82AD2C50A725}.Debug-IntelCrypto|x64.ActiveCfg = Debug|x64
		{7EDF6C1A-905B-40F6-A651-82AD2C50A725}.Debug-IntelCrypto|x64.Build.0 = Debug|x64
		{7EDF6C1A-905B-40F6-A651-82AD2C50A725}.Debug-with-googleperftools|Any CPU.ActiveCfg = Release|x64
		{7EDF6C1A-905B-40F6-A651-82AD2C50A725}.Debug-with-googleperftools|Any CPU.Build.0 = Release|x64
		{7EDF6C1A-905B-40F6-A651-82AD2C50A725}.Debug-with-googleperftools|Mixed Platforms.ActiveCfg = Debug|Win32
		{7EDF6C1A-905B-40F6-A651-82AD2C50A725}.Debug-with-googleperftools|Mixed Platforms.Build.0 = Debug|Win32
		{7EDF6C1A-905B-40F6-A651-82AD2C50A725}.Debug-with-googleperftools|Win32.ActiveCfg = Debug|Win32
		{7EDF6C1A-905B-40F6-A651-82AD2C50A725}.Debug-with-googleperftools|Win32.Build.0 = Debug|Win32
		{7EDF6C1A-905B-40F6-A651-82AD2C50A725}.Debug-with-googleperftools|x64.ActiveCfg = Debug|x64
		{7EDF6C1A-905B-40F6-A651-82AD2C50A725}.Debug-with-googleperftools|x64.Build.0 = Debug|x64
		{7EDF6C1A-905B-40F6-A651-82AD2C50A725}.Debug-with-Mini-XML|Any CPU.ActiveCfg = Release|x64
		{7EDF6C1A-905B-40F6-A651-82AD2C50A725}.Debug-with-Mini-XML|Any CPU.Build.0 = Release|x64
		{7EDF6C1A-905B-40F6-A651-82AD2C50A725}.Debug-with-Mini-XML|Mixed Platforms.ActiveCfg = Debug|Win32
		{7EDF6C1A-905B-40F6-A651-82AD2C50A725}.Debug-with-Mini-XML|Mixed Platforms.Build.0 = Debug|Win32
		{7EDF6C1A-905B-40F6-A651-82AD2C50A725}.Debug-with-Mini-XML|Win32.ActiveCfg = Debug|Win32
		{7EDF6C1A-905B-40F6-A651-82AD2C50A725}.Debug-with-Mini-XML|Win32.Build.0 = Debug|Win32
		{7EDF6C1A-905B-40F6-A651-82AD2C50A725}.Debug-with-Mini-XML|x64.ActiveCfg = Debug|x64
		{7EDF6C1A-905B-40F6-A651-82AD2C50A725}.Debug-with-Mini-XML|x64.Build.0 = Debug|x64
		{7EDF6C1A-905B-40F6-A651-82AD2C50A725}.Debug-with-payment|Any CPU.ActiveCfg = Release|x64
		{7EDF6C1A-905B-40F6-A651-82AD2C50A725}.Debug-with-payment|Any CPU.Build.0 = Release|x64
		{7EDF6C1A-905B-40F6-A651-82AD2C50A725}.Debug-with-payment|Mixed Platforms.ActiveCfg = Debug|Win32
		{7EDF6C1A-905B-40F6-A651-82AD2C50A725}.Debug-with-payment|Mixed Platforms.Build.0 = Debug|Win32
		{7EDF6C1A-905B-40F6-A651-82AD2C50A725}.Debug-with-payment|Win32.ActiveCfg = Debug|Win32
		{7EDF6C1A-905B-40F6-A651-82AD2C50A725}.Debug-with-payment|Win32.Build.0 = Debug|Win32
		{7EDF6C1A-905B-40F6-A651-82AD2C50A725}.Debug-with-payment|x64.ActiveCfg = Debug|x64
		{7EDF6C1A-905B-40F6-A651-82AD2C50A725}.Debug-with-payment|x64.Build.0 = Debug|x64
		{7EDF6C1A-905B-40F6-A651-82AD2C50A725}.Mit Xerces 2.0.0|Any CPU.ActiveCfg = Release|x64
		{7EDF6C1A-905B-40F6-A651-82AD2C50A725}.Mit Xerces 2.0.0|Any CPU.Build.0 = Release|x64
		{7EDF6C1A-905B-40F6-A651-82AD2C50A725}.Mit Xerces 2.0.0|Mixed Platforms.ActiveCfg = Release|Win32
		{7EDF6C1A-905B-40F6-A651-82AD2C50A725}.Mit Xerces 2.0.0|Mixed Platforms.Build.0 = Release|Win32
		{7EDF6C1A-905B-40F6-A651-82AD2C50A725}.Mit Xerces 2.0.0|Win32.ActiveCfg = Release|Win32
		{7EDF6C1A-905B-40F6-A651-82AD2C50A725}.Mit Xerces 2.0.0|Win32.Build.0 = Release|Win32
		{7EDF6C1A-905B-40F6-A651-82AD2C50A725}.Mit Xerces 2.0.0|x64.ActiveCfg = Release|x64
		{7EDF6C1A-905B-40F6-A651-82AD2C50A725}.Mit Xerces 2.0.0|x64.Build.0 = Release|x64
		{7EDF6C1A-905B-40F6-A651-82AD2C50A725}.Mit Xerces 2.3 dev|Any CPU.ActiveCfg = Release|x64
		{7EDF6C1A-905B-40F6-A651-82AD2C50A725}.Mit Xerces 2.3 dev|Any CPU.Build.0 = Release|x64
		{7EDF6C1A-905B-40F6-A651-82AD2C50A725}.Mit Xerces 2.3 dev|Mixed Platforms.ActiveCfg = Release|Win32
		{7EDF6C1A-905B-40F6-A651-82AD2C50A725}.Mit Xerces 2.3 dev|Mixed Platforms.Build.0 = Release|Win32
		{7EDF6C1A-905B-40F6-A651-82AD2C50A725}.Mit Xerces 2.3 dev|Win32.ActiveCfg = Release|Win32
		{7EDF6C1A-905B-40F6-A651-82AD2C50A725}.Mit Xerces 2.3 dev|Win32.Build.0 = Release|Win32
		{7EDF6C1A-905B-40F6-A651-82AD2C50A725}.Mit Xerces 2.3 dev|x64.ActiveCfg = Release|x64
		{7EDF6C1A-905B-40F6-A651-82AD2C50A725}.Mit Xerces 2.3 dev|x64.Build.0 = Release|x64
		{7EDF6C1A-905B-40F6-A651-82AD2C50A725}.proxytest-only-local-debug|Any CPU.ActiveCfg = Release|x64
		{7EDF6C1A-905B-40F6-A651-82AD2C50A725}.proxytest-only-local-debug|Any CPU.Build.0 = Release|x64
		{7EDF6C1A-905B-40F6-A651-82AD2C50A725}.proxytest-only-local-debug|Mixed Platforms.ActiveCfg = Release|Win32
		{7EDF6C1A-905B-40F6-A651-82AD2C50A725}.proxytest-only-local-debug|Mixed Platforms.Build.0 = Release|Win32
		{7EDF6C1A-905B-40F6-A651-82AD2C50A725}.proxytest-only-local-debug|Win32.ActiveCfg = Release|Win32
		{7EDF6C1A-905B-40F6-A651-82AD2C50A725}.proxytest-only-local-debug|Win32.Build.0 = Release|Win32
		{7EDF6C1A-905B-40F6-A651-82AD2C50A725}.proxytest-only-local-debug|x64.ActiveCfg = Release|x64
		{7EDF6C1A-905B-40F6-A651-82AD2C50A725}.proxytest-only-local-debug|x64.Build.0 = Release|x64
		{7EDF6C1A-905B-40F6-A651-82AD2C50A725}.Release|Any CPU.ActiveCfg = Release|Win32
		{7EDF6C1A-905B-40F6-A651-82AD2C50A725}.Release|Mixed Platforms.ActiveCfg = Release|Win32
		{7EDF6C1A-905B-40F6-A651-82AD2C50A725}.Release|Mixed Platforms.Build.0 = Release|Win32
		{7EDF6C1A-905B-40F6-A651-82AD2C50A725}.Release|Win32.ActiveCfg = Release|Win32
		{7EDF6C1A-905B-40F6-A651-82AD2C50A725}.Release|Win32.Build.0 = Release|Win32
		{7EDF6C1A-905B-40F6-A651-82AD2C50A725}.Release|x64.ActiveCfg = Release|x64
		{7EDF6C1A-905B-40F6-A651-82AD2C50A725}.Release|x64.Build.0 = Release|x64
		{7EDF6C1A-905B-40F6-A651-82AD2C50A725}.Release-IntelCrypto|Any CPU.ActiveCfg = Release|x64
		{7EDF6C1A-905B-40F6-A651-82AD2C50A725}.Release-IntelCrypto|Any CPU.Build.0 = Release|x64
		{7EDF6C1A-905B-40F6-A651-82AD2C50A725}.Release-IntelCrypto|Mixed Platforms.ActiveCfg = Release|Win32
		{7EDF6C1A-905B-40F6-A651-82AD2C50A725}.Release-IntelCrypto|Mixed Platforms.Build.0 = Release|Win32
		{7EDF6C1A-905B-40F6-A651-82AD2C50A725}.Release-IntelCrypto|Win32.ActiveCfg = Release|Win32
		{7EDF6C1A-905B-40F6-A651-82AD2C50A725}.Release-IntelCrypto|Win32.Build.0 = Release|Win32
		{7EDF6C1A-905B-40F6-A651-82AD2C50A725}.Release-IntelCrypto|x64.ActiveCfg = Release|x64
		{7EDF6C1A-905B-40F6-A651-82AD2C50A725}.Release-IntelCrypto|x64.Build.0 = Release|x64
		{7EDF6C1A-905B-40F6-A651-82AD2C50A725}.VTune|Any CPU.ActiveCfg = Release|x64
		{7EDF6C1A-905B-40F6-A651-82AD2C50A725}.VTune|Any CPU.Build.0 = Release|x64
		{7EDF6C1A-905B-40F6-A651-82AD2C50A725}.VTune|Mixed Platforms.ActiveCfg = Release|Win32
		{7EDF6C1A-905B-40F6-A651-82AD2C50A725}.VTune|Mixed Platforms.Build.0 = Release|Win32
		{7EDF6C1A-905B-40F6-A651-82AD2C50A725}.VTune|Win32.ActiveCfg = Release|Win32
		{7EDF6C1A-905B-40F6-A651-82AD2C50A725}.VTune|Win32.Build.0 = Release|Win32
		{7EDF6C1A-905B-40F6-A651-82AD2C50A725}.VTune|x64.ActiveCfg = Release|x64
		{7EDF6C1A-905B-40F6-A651-82AD2C50A725}.VTune|x64.Build.0 = Release|x64
		{9439F121-D979-46D5-A15D-D288E0620FD7}.Debug with LLVM|Any CPU.ActiveCfg = Release|x64
		{9439F121-D979-46D5-A15D-D288E0620FD7}.Debug with LLVM|Any CPU.Build.0 = Release|x64
		{9439F121-D979-46D5-A15D-D288E0620FD7}.Debug with LLVM|Mixed Platforms.ActiveCfg = Debug|Win32
		{9439F121-D979-46D5-A15D-D288E0620FD7}.Debug with LLVM|Mixed Platforms.Build.0 = Debug|Win32
		{9439F121-D979-46D5-A15D-D288E0620FD7}.Debug with LLVM|Win32.ActiveCfg = Debug|Win32
		{9439F121-D979-46D5-A15D-D288E0620FD7}.Debug with LLVM|Win32.Build.0 = Debug|Win32
		{9439F121-D979-46D5-A15D-D288E0620FD7}.Debug with LLVM|x64.ActiveCfg = Debug|x64
		{9439F121-D979-46D5-A15D-D288E0620FD7}.Debug with LLVM|x64.Build.0 = Debug|x64
		{9439F121-D979-46D5-A15D-D288E0620FD7}.Debug_with_unit_tests|Any CPU.ActiveCfg = Release|x64
		{9439F121-D979-46D5-A15D-D288E0620FD7}.Debug_with_unit_tests|Any CPU.Build.0 = Release|x64
		{9439F121-D979-46D5-A15D-D288E0620FD7}.Debug_with_unit_tests|Mixed Platforms.ActiveCfg = Debug|Win32
		{9439F121-D979-46D5-A15D-D288E0620FD7}.Debug_with_unit_tests|Mixed Platforms.Build.0 = Debug|Win32
		{9439F121-D979-46D5-A15D-D288E0620FD7}.Debug_with_unit_tests|Win32.ActiveCfg = Debug|Win32
		{9439F121-D979-46D5-A15D-D288E0620FD7}.Debug_with_unit_tests|Win32.Build.0 = Debug|Win32
		{9439F121-D979-46D5-A15D-D288E0620FD7}.Debug_with_unit_tests|x64.ActiveCfg = Debug|x64
		{9439F121-D979-46D5-A15D-D288E0620FD7}.Debug_with_unit_tests|x64.Build.0 = Debug|x64
		{9439F121-D979-46D5-A15D-D288E0620FD7}.Debug|Any CPU.ActiveCfg = Debug|Win32
		{9439F121-D979-46D5-A15D-D288E0620FD7}.Debug|Mixed Platforms.ActiveCfg = Debug|Win32
		{9439F121-D979-46D5-A15D-D288E0620FD7}.Debug|Mixed Platforms.Build.0 = Debug|Win32
		{9439F121-D979-46D5-A15D-D288E0620FD7}.Debug|Win32.ActiveCfg = Debug|Win32
		{9439F121-D979-46D5-A15D-D288E0620FD7}.Debug|Win32.Build.0 = Debug|Win32
		{9439F121-D979-46D5-A15D-D288E0620FD7}.Debug|x64.ActiveCfg = Debug|x64
		{9439F121-D979-46D5-A15D-D288E0620FD7}.Debug|x64.Build.0 = Debug|x64
		{9439F121-D979-46D5-A15D-D288E0620FD7}.Debug-IntelCrypto|Any CPU.ActiveCfg = Release|x64
		{9439F121-D979-46D5-A15D-D288E0620FD7}.Debug-IntelCrypto|Any CPU.Build.0 = Release|x64
		{9439F121-D979-46D5-A15D-D288E0620FD7}.Debug-IntelCrypto|Mixed Platforms.ActiveCfg = Debug|Win32
		{9439F121-D979-46D5-A15D-D288E0620FD7}.Debug-IntelCrypto|Mixed Platforms.Build.0 = Debug|Win32
		{9439F121-D979-46D5-A15D-D288E0620FD7}.Debug-IntelCrypto|Win32.ActiveCfg = Debug|Win32
		{9439F121-D979-46D5-A15D-D288E0620FD7}.Debug-IntelCrypto|Win32.Build.0 = Debug|Win32
		{9439F121-D979-46D5-A15D-D288E0620FD7}.Debug-IntelCrypto|x64.ActiveCfg = Debug|x64
		{9439F121-D979-46D5-A15D-D288E0620FD7}.Debug-IntelCrypto|x64.Build.0 = Debug|x64
		{9439F121-D979-46D5-A15D-D288E0620FD7}.Debug-with-googleperftools|Any CPU.ActiveCfg = Release|x64
		{9439F121-D979-46D5-A15D-D288E0620FD7}.Debug-with-googleperftools|Any CPU.Build.0 = Release|x64
		{9439F121-D979-46D5-A15D-D288E0620FD7}.Debug-with-googleperftools|Mixed Platforms.ActiveCfg = Debug|Win32
		{9439F121-D979-46D5-A15D-D288E0620FD7}.Debug-with-googleperftools|Mixed Platforms.Build.0 = Debug|Win32
		{9439F121-D979-46D5-A15D-D288E0620FD7}.Debug-with-googleperftools|Win32.ActiveCfg = Debug|Win32
		{9439F121-D979-46D5-A15D-D288E0620FD7}.Debug-with-googleperftools|Win32.Build.0 = Debug|Win32
		{9439F121-D979-46D5-A15D-D288E0620FD7}.Debug-with-googleperftools|x64.ActiveCfg = Debug|x64
		{9439F121-D979-46D5-A15D-D288E0620FD7}.Debug-with-googleperftools|x64.Build.0 = Debug|x64
		{9439F121-D979-46D5-A15D-D288E0620FD7}.Debug-with-Mini-XML|Any CPU.ActiveCfg = Release|x64
		{9439F121-D979-46D5-A15D-D288E0620FD7}.Debug-with-Mini-XML|Any CPU.Build.0 = Release|x64
		{9439F121-D979-46D5-A15D-D288E0620FD7}.Debug-with-Mini-XML|Mixed Platforms.ActiveCfg = Debug|Win32
		{9439F121-D979-46D5-A15D-D288E0620FD7}.Debug-with-Mini-XML|Mixed Platforms.Build.0 = Debug|Win32
		{9439F121-D979-46D5-A15D-D288E0620FD7}.Debug-with-Mini-XML|Win32.ActiveCfg = Debug|Win32
		{9439F121-D979-46D5-A15D-D288E0620FD7}.Debug-with-Mini-XML|Win32.Build.0 = Debug|Win32
		{9439F121-D979-46D5-A15D-D288E0620FD7}.Debug-with-Mini-XML|x64.ActiveCfg = Debug|x64
		{9439F121-D979-46D5-A15D-D288E0620FD7}.Debug-with-Mini-XML|x64.Build.0 = Debug|x64
		{9439F121-D979-46D5-A15D-D288E0620FD7}.Debug-with-payment|Any CPU.ActiveCfg = Release|x64
		{9439F121-D979-46D5-A15D-D288E0620FD7}.Debug-with-payment|Any CPU.Build.0 = Release|x64
		{9439F121-D979-46D5-A15D-D288E0620FD7}.Debug-with-payment|Mixed Platforms.ActiveCfg = Debug|Win32
		{9439F121-D979-46D5-A15D-D288E0620FD7}.Debug-with-payment|Mixed Platforms.Build.0 = Debug|Win32
		{9439F121-D979-46D5-A15D-D288E0620FD7}.Debug-with-payment|Win32.ActiveCfg = Debug|Win32
		{9439F121-D979-46D5-A15D-D288E0620FD7}.Debug-with-payment|Win32.Build.0 = Debug|Win32
		{9439F121-D979-46D5-A15D-D288E0620FD7}.Debug-with-payment|x64.ActiveCfg = Debug|x64
		{9439F121-D979-46D5-A15D-D288E0620FD7}.Debug-with-payment|x64.Build.0 = Debug|x64
		{9439F121-D979-46D5-A15D-D288E0620FD7}.Mit Xerces 2.0.0|Any CPU.ActiveCfg = Release|x64
		{9439F121-D979-46D5-A15D-D288E0620FD7}.Mit Xerces 2.0.0|Any CPU.Build.0 = Release|x64
		{9439F121-D979-46D5-A15D-D288E0620FD7}.Mit Xerces 2.0.0|Mixed Platforms.ActiveCfg = Release|Win32
		{9439F121-D979-46D5-A15D-D288E0620FD7}.Mit Xerces 2.0.0|Mixed Platforms.Build.0 = Release|Win32
		{9439F121-D979-46D5-A15D-D288E0620FD7}.Mit Xerces 2.0.0|Win32.ActiveCfg = Release|Win32
		{9439F121-D979-46D5-A15D-D288E0620FD7}.Mit Xerces 2.0.0|Win32.Build.0 = Release|Win32
		{9439F121-D979-46D5-A15D-D288E0620FD7}.Mit Xerces 2.0.0|x64.ActiveCfg = Release|x64
		{9439F121-D979-46D5-A15D-D288E0620FD7}.Mit Xerces 2.0.0|x64.Build.0 = Release|x64
		{9439F121-D979-46D5-A15D-D288E0620FD7}.Mit Xerces 2.3 dev|Any CPU.ActiveCfg = Release|x64
		{9439F121-D979-46D5-A15D-D288E0620FD7}.Mit Xerces 2.3 dev|Any CPU.Build.0 = Release|x64
		{9439F121-D979-46D5-A15D-D288E0620FD7}.Mit Xerces 2.3 dev|Mixed Platforms.ActiveCfg = Release|Win32
		{9439F121-D979-46D5-A15D-D288E0620FD7}.Mit Xerces 2.3 dev|Mixed Platforms.Build.0 = Release|Win32
		{9439F121-D979-46D5-A15D-D288E0620FD7}.Mit Xerces 2.3 dev|Win32.ActiveCfg = Release|Win32
		{9439F121-D979-46D5-A15D-D288E0620FD7}.Mit Xerces 2.3 dev|Win32.Build.0 = Release|Win32
		{9439F121-D979-46D5-A15D-D288E0620FD7}.Mit Xerces 2.3 dev|x64.ActiveCfg = Release|x64
		{9439F121-D979-46D5-A15D-D288E0620FD7}.Mit Xerces 2.3 dev|x64.Build.0 = Release|x64
		{9439F121-D979-46D5-A15D-D288E0620FD7}.proxytest-only-local-debug|Any CPU.ActiveCfg = Release|x64
		{9439F121-D979-46D5-A15D-D288E0620FD7}.proxytest-only-local-debug|Any CPU.Build.0 = Release|x64
		{9439F121-D979-46D5-A15D-D288E0620FD7}.proxytest-only-local-debug|Mixed Platforms.ActiveCfg = Release|Win32
		{9439F121-D979-46D5-A15D-D288E0620FD7}.proxytest-only-local-debug|Mixed Platforms.Build.0 = Release|Win32
		{9439F121-D979-46D5-A15D-D288E0620FD7}.proxytest-only-local-debug|Win32.ActiveCfg = Release|Win32
		{9439F121-D979-46D5-A15D-D288E0620FD7}.proxytest-only-local-debug|Win32.Build.0 = Release|Win32
		{9439F121-D979-46D5-A15D-D288E0620FD7}.proxytest-only-local-debug|x64.ActiveCfg = Release|x64
		{9439F121-D979-46D5-A15D-D288E0620FD7}.proxytest-only-local-debug|x64.Build.0 = Release|x64
		{9439F121-D979-46D5-A15D-D288E0620FD7}.Release|Any CPU.ActiveCfg = Release|Win32
		{9439F121-D979-46D5-A15D-D288E0620FD7}.Release|Mixed Platforms.ActiveCfg = Release|Win32
		{9439F121-D979-46D5-A15D-D288E0620FD7}.Release|Mixed Platforms.Build.0 = Release|Win32
		{9439F121-D979-46D5-A15D-D288E0620FD7}.Release|Win32.ActiveCfg = Release|Win32
		{9439F121-D979-46D5-A15D-D288E0620FD7}.Release|Win32.Build.0 = Release|Win32
		{9439F121-D979-46D5-A15D-D288E0620FD7}.Release|x64.ActiveCfg = Release|x64
		{9439F121-D979-46D5-A15D-D288E0620FD7}.Release|x64.Build.0 = Release|x64
		{9439F121-D979-46D5-A15D-D288E0620FD7}.Release-IntelCrypto|Any CPU.ActiveCfg = Release|x64
		{9439F121-D979-46D5-A15D-D288E0620FD7}.Release-IntelCrypto|Any CPU.Build.0 = Release|x64
		{9439F121-D979-46D5-A15D-D288E0620FD7}.Release-IntelCrypto|Mixed Platforms.ActiveCfg = Release|Win32
		{9439F121-D979-46D5-A15D-D288E0620FD7}.Release-IntelCrypto|Mixed Platforms.Build.0 = Release|Win32
		{9439F121-D979-46D5-A15D-D288E0620FD7}.Release-IntelCrypto|Win32.ActiveCfg = Release|Win32
		{9439F121-D979-46D5-A15D-D288E0620FD7}.Release-IntelCrypto|Win32.Build.0 = Release|Win32
		{9439F121-D979-46D5-A15D-D288E0620FD7}.Release-IntelCrypto|x64.ActiveCfg = Release|x64
		{9439F121-D979-46D5-A15D-D288E0620FD7}.Release-IntelCrypto|x64.Build.0 = Release|x64
		{9439F121-D979-46D5-A15D-D288E0620FD7}.VTune|Any CPU.ActiveCfg = Release|x64
		{9439F121-D979-46D5-A15D-D288E0620FD7}.VTune|Any CPU.Build.0 = Release|x64
		{9439F121-D979-46D5-A15D-D288E0620FD7}.VTune|Mixed Platforms.ActiveCfg = Release|Win32
		{9439F121-D979-46D5-A15D-D288E0620FD7}.VTune|Mixed Platforms.Build.0 = Release|Win32
		{9439F121-D979-46D5-A15D-D288E0620FD7}.VTune|Win32.ActiveCfg = Release|Win32
		{9439F121-D979-46D5-A15D-D288E0620FD7}.VTune|Win32.Build.0 = Release|Win32
		{9439F121-D979-46D5-A15D-D288E0620FD7}.VTune|x64.ActiveCfg = Release|x64
		{9439F121-D979-46D5-A15D-D288E0620FD7}.VTune|x64.Build.0 = Release|x64
	EndGlobalSection
	GlobalSection(SolutionProperties) = preSolution
		HideSolutionNode = FALSE
	EndGlobalSection
	GlobalSection(NestedProjects) = preSolution
		{065C3B05-C626-4FF4-BEED-A88F2A4A184D} = {54C687C4-A40F-4654-8DA3-66D2D382DDC8}
		{BB86079F-23BC-49E3-8254-61B410EE7D6C} = {54C687C4-A40F-4654-8DA3-66D2D382DDC8}
		{AA3F9615-7F75-4888-A964-CA4128B780A7} = {54C687C4-A40F-4654-8DA3-66D2D382DDC8}
		{4904E599-6E47-4A22-A301-234BECFEBB83} = {AA3F9615-7F75-4888-A964-CA4128B780A7}
		{2FA432F4-B312-42BB-8154-D5460F7DA5AD} = {54C687C4-A40F-4654-8DA3-66D2D382DDC8}
		{DF495918-178A-49F4-BCE7-AB723E0FFEB1} = {54C687C4-A40F-4654-8DA3-66D2D382DDC8}
	EndGlobalSection
	GlobalSection(ExtensibilityGlobals) = postSolution
		SolutionGuid = {1AB417FC-AF4B-4308-B24D-48DD7683FE76}
	EndGlobalSection
EndGlobal
