Microsoft Visual Studio Solution File, Format Version 8.00
Project("{8BC9CEB8-8B4A-11D0-8D11-00A0C91BC942}") = "proxytest-lib", "proxytest-lib.vcproj", "{150377B0-CA8F-4031-A0B8-45A3001F4F81}"
	ProjectSection(ProjectDependencies) = postProject
	EndProjectSection
EndProject
Global
	GlobalSection(SolutionConfiguration) = preSolution
		Debug = Debug
		Release = Release
	EndGlobalSection
	GlobalSection(ProjectConfiguration) = postSolution
		{150377B0-CA8F-4031-A0B8-45A3001F4F81}.Debug.ActiveCfg = Debug|Win32
		{150377B0-CA8F-4031-A0B8-45A3001F4F81}.Debug.Build.0 = Debug|Win32
		{150377B0-CA8F-4031-A0B8-45A3001F4F81}.Release.ActiveCfg = Release|Win32
		{150377B0-CA8F-4031-A0B8-45A3001F4F81}.Release.Build.0 = Release|Win32
	EndGlobalSection
	GlobalSection(SolutionItems) = postSolution
		documentation\docMixConfig.template = documentation\docMixConfig.template
		documentation\docPool.template = documentation\docPool.template
		documentation\XML\FirstMixToInfoService.xml = documentation\XML\FirstMixToInfoService.xml
		documentation\XML\FirstMixToJAP.xml = documentation\XML\FirstMixToJAP.xml
		documentation\XML\InterMix-KeyExchange-Answer.xml = documentation\XML\InterMix-KeyExchange-Answer.xml
		documentation\XML\InterMix-LastMix-to-Succesor.xsd = documentation\XML\InterMix-LastMix-to-Succesor.xsd
		documentation\XML\InterMix-LastMix-to-Successor.xml = documentation\XML\InterMix-LastMix-to-Successor.xml
		documentation\XML\MixCascadeStatus.xml = documentation\XML\MixCascadeStatus.xml
		documentation\XML\MixHELO.xml = documentation\XML\MixHELO.xml
		documentation\XML\xmldoc.template = documentation\XML\xmldoc.template
		documentation\XML\XMLSignature.xml = documentation\XML\XMLSignature.xml
	EndGlobalSection
	GlobalSection(ExtensibilityGlobals) = postSolution
	EndGlobalSection
	GlobalSection(ExtensibilityAddIns) = postSolution
	EndGlobalSection
EndGlobal
