Microsoft Visual Studio Solution File, Format Version 10.00
# Visual Studio 2008
Project("{2150E333-8FDC-42A3-9474-1A3956D46DE8}") = "Solution Items", "Solution Items", "{54C687C4-A40F-4654-8DA3-66D2D382DDC8}"
	ProjectSection(SolutionItems) = preProject
		documentation\docMixConfig.template = documentation\docMixConfig.template
		documentation\docPayment.template = documentation\docPayment.template
		documentation\docPaymentSetup.template = documentation\docPaymentSetup.template
		documentation\docPool.template = documentation\docPool.template
		documentation\docSymmetricKeyExchange.template = documentation\docSymmetricKeyExchange.template
		documentation\XML\FirstMixToInfoService.xml = documentation\XML\FirstMixToInfoService.xml
		documentation\XML\FirstMixToJAP.xml = documentation\XML\FirstMixToJAP.xml
		documentation\XML\InterMix-KeyExchange-Answer.xml = documentation\XML\InterMix-KeyExchange-Answer.xml
		documentation\XML\InterMix-LastMix-to-Succesor.xsd = documentation\XML\InterMix-LastMix-to-Succesor.xsd
		documentation\XML\InterMix-LastMix-to-Successor.xml = documentation\XML\InterMix-LastMix-to-Successor.xml
		localtestrun.testrunconfig = localtestrun.testrunconfig
		documentation\XML\MixCascadeStatus.xml = documentation\XML\MixCascadeStatus.xml
		documentation\XML\MixHELO.xml = documentation\XML\MixHELO.xml
		proxytest.vsmdi = proxytest.vsmdi
		proxytest_win_short.doxy = proxytest_win_short.doxy
		documentation\XML\xmldoc.template = documentation\XML\xmldoc.template
		documentation\XML\XMLSignature.xml = documentation\XML\XMLSignature.xml
	EndProjectSection
EndProject
Project("{8BC9CEB8-8B4A-11D0-8D11-00A0C91BC942}") = "proxytest-lib", "proxytest-lib.vcproj", "{150377B0-CA8F-4031-A0B8-45A3001F4F81}"
EndProject
Project("{8BC9CEB8-8B4A-11D0-8D11-00A0C91BC942}") = "proxytest", "proxytest.vcproj", "{83CD4B6C-FBFD-422A-91ED-FA6E515464F2}"
	ProjectSection(ProjectDependencies) = postProject
		{150377B0-CA8F-4031-A0B8-45A3001F4F81} = {150377B0-CA8F-4031-A0B8-45A3001F4F81}
	EndProjectSection
EndProject
Project("{8BC9CEB8-8B4A-11D0-8D11-00A0C91BC942}") = "AllTest", "AllTests.vcproj", "{1DE75B05-314A-4E97-B281-5D1075F7CF2D}"
EndProject
Project("{8BC9CEB8-8B4A-11D0-8D11-00A0C91BC942}") = "FlashMix-lib", "FlashMix\FlashMix-lib.vcproj", "{6408FBC7-C4FB-45FB-8276-25093DD9BD0E}"
EndProject
Project("{8BC9CEB8-8B4A-11D0-8D11-00A0C91BC942}") = "FlashMix", "FlashMix\FlashMix.vcproj", "{17916053-4B43-46CF-ABB3-709AE4E3DA78}"
EndProject
Project("{8BC9CEB8-8B4A-11D0-8D11-00A0C91BC942}") = "FlashMixUser", "FlashMix\FlashMixUser.vcproj", "{C639FF43-A8F6-4957-8BB3-AA5692E8AC9F}"
EndProject
Project("{8BC9CEB8-8B4A-11D0-8D11-00A0C91BC942}") = "BulletinBoard", "FlashMix\BulletinBoard.vcproj", "{9DB252A3-2EE3-440F-AC14-E961994FCE7A}"
EndProject
Global
	GlobalSection(SolutionConfigurationPlatforms) = preSolution
		Debug|Any CPU = Debug|Any CPU
		Debug|Mixed Platforms = Debug|Mixed Platforms
		Debug|Win32 = Debug|Win32
		Mit Xerces 2.0.0|Any CPU = Mit Xerces 2.0.0|Any CPU
		Mit Xerces 2.0.0|Mixed Platforms = Mit Xerces 2.0.0|Mixed Platforms
		Mit Xerces 2.0.0|Win32 = Mit Xerces 2.0.0|Win32
		Mit Xerces 2.3 dev|Any CPU = Mit Xerces 2.3 dev|Any CPU
		Mit Xerces 2.3 dev|Mixed Platforms = Mit Xerces 2.3 dev|Mixed Platforms
		Mit Xerces 2.3 dev|Win32 = Mit Xerces 2.3 dev|Win32
		proxytest-only-local-debug|Any CPU = proxytest-only-local-debug|Any CPU
		proxytest-only-local-debug|Mixed Platforms = proxytest-only-local-debug|Mixed Platforms
		proxytest-only-local-debug|Win32 = proxytest-only-local-debug|Win32
		Release|Any CPU = Release|Any CPU
		Release|Mixed Platforms = Release|Mixed Platforms
		Release|Win32 = Release|Win32
		VTune|Any CPU = VTune|Any CPU
		VTune|Mixed Platforms = VTune|Mixed Platforms
		VTune|Win32 = VTune|Win32
	EndGlobalSection
	GlobalSection(ProjectConfigurationPlatforms) = postSolution
		{150377B0-CA8F-4031-A0B8-45A3001F4F81}.Debug|Any CPU.ActiveCfg = Debug|Win32
		{150377B0-CA8F-4031-A0B8-45A3001F4F81}.Debug|Mixed Platforms.ActiveCfg = Debug|Win32
		{150377B0-CA8F-4031-A0B8-45A3001F4F81}.Debug|Mixed Platforms.Build.0 = Debug|Win32
		{150377B0-CA8F-4031-A0B8-45A3001F4F81}.Debug|Win32.ActiveCfg = Debug|Win32
		{150377B0-CA8F-4031-A0B8-45A3001F4F81}.Debug|Win32.Build.0 = Debug|Win32
		{150377B0-CA8F-4031-A0B8-45A3001F4F81}.Mit Xerces 2.0.0|Any CPU.ActiveCfg = Mit Xerces 2.0.0|Win32
		{150377B0-CA8F-4031-A0B8-45A3001F4F81}.Mit Xerces 2.0.0|Mixed Platforms.ActiveCfg = Mit Xerces 2.0.0|Win32
		{150377B0-CA8F-4031-A0B8-45A3001F4F81}.Mit Xerces 2.0.0|Mixed Platforms.Build.0 = Mit Xerces 2.0.0|Win32
		{150377B0-CA8F-4031-A0B8-45A3001F4F81}.Mit Xerces 2.0.0|Win32.ActiveCfg = Mit Xerces 2.0.0|Win32
		{150377B0-CA8F-4031-A0B8-45A3001F4F81}.Mit Xerces 2.0.0|Win32.Build.0 = Mit Xerces 2.0.0|Win32
		{150377B0-CA8F-4031-A0B8-45A3001F4F81}.Mit Xerces 2.3 dev|Any CPU.ActiveCfg = Mit Xerces 2.3 dev|Win32
		{150377B0-CA8F-4031-A0B8-45A3001F4F81}.Mit Xerces 2.3 dev|Mixed Platforms.ActiveCfg = Mit Xerces 2.3 dev|Win32
		{150377B0-CA8F-4031-A0B8-45A3001F4F81}.Mit Xerces 2.3 dev|Mixed Platforms.Build.0 = Mit Xerces 2.3 dev|Win32
		{150377B0-CA8F-4031-A0B8-45A3001F4F81}.Mit Xerces 2.3 dev|Win32.ActiveCfg = Mit Xerces 2.3 dev|Win32
		{150377B0-CA8F-4031-A0B8-45A3001F4F81}.Mit Xerces 2.3 dev|Win32.Build.0 = Mit Xerces 2.3 dev|Win32
		{150377B0-CA8F-4031-A0B8-45A3001F4F81}.proxytest-only-local-debug|Any CPU.ActiveCfg = proxytest-only-local-debug|Win32
		{150377B0-CA8F-4031-A0B8-45A3001F4F81}.proxytest-only-local-debug|Mixed Platforms.ActiveCfg = proxytest-only-local-debug|Win32
		{150377B0-CA8F-4031-A0B8-45A3001F4F81}.proxytest-only-local-debug|Mixed Platforms.Build.0 = proxytest-only-local-debug|Win32
		{150377B0-CA8F-4031-A0B8-45A3001F4F81}.proxytest-only-local-debug|Win32.ActiveCfg = proxytest-only-local-debug|Win32
		{150377B0-CA8F-4031-A0B8-45A3001F4F81}.proxytest-only-local-debug|Win32.Build.0 = proxytest-only-local-debug|Win32
		{150377B0-CA8F-4031-A0B8-45A3001F4F81}.Release|Any CPU.ActiveCfg = Release|Win32
		{150377B0-CA8F-4031-A0B8-45A3001F4F81}.Release|Mixed Platforms.ActiveCfg = Release|Win32
		{150377B0-CA8F-4031-A0B8-45A3001F4F81}.Release|Mixed Platforms.Build.0 = Release|Win32
		{150377B0-CA8F-4031-A0B8-45A3001F4F81}.Release|Win32.ActiveCfg = Release|Win32
		{150377B0-CA8F-4031-A0B8-45A3001F4F81}.Release|Win32.Build.0 = Release|Win32
		{150377B0-CA8F-4031-A0B8-45A3001F4F81}.VTune|Any CPU.ActiveCfg = VTune|Win32
		{150377B0-CA8F-4031-A0B8-45A3001F4F81}.VTune|Mixed Platforms.ActiveCfg = VTune|Win32
		{150377B0-CA8F-4031-A0B8-45A3001F4F81}.VTune|Mixed Platforms.Build.0 = VTune|Win32
		{150377B0-CA8F-4031-A0B8-45A3001F4F81}.VTune|Win32.ActiveCfg = VTune|Win32
		{150377B0-CA8F-4031-A0B8-45A3001F4F81}.VTune|Win32.Build.0 = VTune|Win32
		{83CD4B6C-FBFD-422A-91ED-FA6E515464F2}.Debug|Any CPU.ActiveCfg = Debug|Win32
		{83CD4B6C-FBFD-422A-91ED-FA6E515464F2}.Debug|Mixed Platforms.ActiveCfg = Debug|Win32
		{83CD4B6C-FBFD-422A-91ED-FA6E515464F2}.Debug|Mixed Platforms.Build.0 = Debug|Win32
		{83CD4B6C-FBFD-422A-91ED-FA6E515464F2}.Debug|Win32.ActiveCfg = Debug|Win32
		{83CD4B6C-FBFD-422A-91ED-FA6E515464F2}.Mit Xerces 2.0.0|Any CPU.ActiveCfg = Mit Xerces 2.0.0|Win32
		{83CD4B6C-FBFD-422A-91ED-FA6E515464F2}.Mit Xerces 2.0.0|Mixed Platforms.ActiveCfg = Mit Xerces 2.0.0|Win32
		{83CD4B6C-FBFD-422A-91ED-FA6E515464F2}.Mit Xerces 2.0.0|Mixed Platforms.Build.0 = Mit Xerces 2.0.0|Win32
		{83CD4B6C-FBFD-422A-91ED-FA6E515464F2}.Mit Xerces 2.0.0|Win32.ActiveCfg = Mit Xerces 2.0.0|Win32
		{83CD4B6C-FBFD-422A-91ED-FA6E515464F2}.Mit Xerces 2.3 dev|Any CPU.ActiveCfg = Mit Xerces 2.3 dev|Win32
		{83CD4B6C-FBFD-422A-91ED-FA6E515464F2}.Mit Xerces 2.3 dev|Mixed Platforms.ActiveCfg = Mit Xerces 2.3 dev|Win32
		{83CD4B6C-FBFD-422A-91ED-FA6E515464F2}.Mit Xerces 2.3 dev|Mixed Platforms.Build.0 = Mit Xerces 2.3 dev|Win32
		{83CD4B6C-FBFD-422A-91ED-FA6E515464F2}.Mit Xerces 2.3 dev|Win32.ActiveCfg = Mit Xerces 2.3 dev|Win32
		{83CD4B6C-FBFD-422A-91ED-FA6E515464F2}.proxytest-only-local-debug|Any CPU.ActiveCfg = proxytest-only-local-debug|Win32
		{83CD4B6C-FBFD-422A-91ED-FA6E515464F2}.proxytest-only-local-debug|Mixed Platforms.ActiveCfg = proxytest-only-local-debug|Win32
		{83CD4B6C-FBFD-422A-91ED-FA6E515464F2}.proxytest-only-local-debug|Mixed Platforms.Build.0 = proxytest-only-local-debug|Win32
		{83CD4B6C-FBFD-422A-91ED-FA6E515464F2}.proxytest-only-local-debug|Win32.ActiveCfg = proxytest-only-local-debug|Win32
		{83CD4B6C-FBFD-422A-91ED-FA6E515464F2}.Release|Any CPU.ActiveCfg = Release|Win32
		{83CD4B6C-FBFD-422A-91ED-FA6E515464F2}.Release|Mixed Platforms.ActiveCfg = Release|Win32
		{83CD4B6C-FBFD-422A-91ED-FA6E515464F2}.Release|Mixed Platforms.Build.0 = Release|Win32
		{83CD4B6C-FBFD-422A-91ED-FA6E515464F2}.Release|Win32.ActiveCfg = Release|Win32
		{83CD4B6C-FBFD-422A-91ED-FA6E515464F2}.VTune|Any CPU.ActiveCfg = VTune|Win32
		{83CD4B6C-FBFD-422A-91ED-FA6E515464F2}.VTune|Mixed Platforms.ActiveCfg = VTune|Win32
		{83CD4B6C-FBFD-422A-91ED-FA6E515464F2}.VTune|Mixed Platforms.Build.0 = VTune|Win32
		{83CD4B6C-FBFD-422A-91ED-FA6E515464F2}.VTune|Win32.ActiveCfg = VTune|Win32
		{1DE75B05-314A-4E97-B281-5D1075F7CF2D}.Debug|Any CPU.ActiveCfg = Debug|Win32
		{1DE75B05-314A-4E97-B281-5D1075F7CF2D}.Debug|Mixed Platforms.ActiveCfg = Debug|Win32
		{1DE75B05-314A-4E97-B281-5D1075F7CF2D}.Debug|Mixed Platforms.Build.0 = Debug|Win32
		{1DE75B05-314A-4E97-B281-5D1075F7CF2D}.Debug|Win32.ActiveCfg = Debug|Win32
		{1DE75B05-314A-4E97-B281-5D1075F7CF2D}.Debug|Win32.Build.0 = Debug|Win32
		{1DE75B05-314A-4E97-B281-5D1075F7CF2D}.Mit Xerces 2.0.0|Any CPU.ActiveCfg = proxytest-only-local-debug|Win32
		{1DE75B05-314A-4E97-B281-5D1075F7CF2D}.Mit Xerces 2.0.0|Mixed Platforms.ActiveCfg = proxytest-only-local-debug|Win32
		{1DE75B05-314A-4E97-B281-5D1075F7CF2D}.Mit Xerces 2.0.0|Mixed Platforms.Build.0 = proxytest-only-local-debug|Win32
		{1DE75B05-314A-4E97-B281-5D1075F7CF2D}.Mit Xerces 2.0.0|Win32.ActiveCfg = Release|Win32
		{1DE75B05-314A-4E97-B281-5D1075F7CF2D}.Mit Xerces 2.0.0|Win32.Build.0 = Release|Win32
		{1DE75B05-314A-4E97-B281-5D1075F7CF2D}.Mit Xerces 2.3 dev|Any CPU.ActiveCfg = proxytest-only-local-debug|Win32
		{1DE75B05-314A-4E97-B281-5D1075F7CF2D}.Mit Xerces 2.3 dev|Mixed Platforms.ActiveCfg = proxytest-only-local-debug|Win32
		{1DE75B05-314A-4E97-B281-5D1075F7CF2D}.Mit Xerces 2.3 dev|Mixed Platforms.Build.0 = proxytest-only-local-debug|Win32
		{1DE75B05-314A-4E97-B281-5D1075F7CF2D}.Mit Xerces 2.3 dev|Win32.ActiveCfg = Release|Win32
		{1DE75B05-314A-4E97-B281-5D1075F7CF2D}.Mit Xerces 2.3 dev|Win32.Build.0 = Release|Win32
		{1DE75B05-314A-4E97-B281-5D1075F7CF2D}.proxytest-only-local-debug|Any CPU.ActiveCfg = proxytest-only-local-debug|Win32
		{1DE75B05-314A-4E97-B281-5D1075F7CF2D}.proxytest-only-local-debug|Mixed Platforms.ActiveCfg = proxytest-only-local-debug|Win32
		{1DE75B05-314A-4E97-B281-5D1075F7CF2D}.proxytest-only-local-debug|Mixed Platforms.Build.0 = proxytest-only-local-debug|Win32
		{1DE75B05-314A-4E97-B281-5D1075F7CF2D}.proxytest-only-local-debug|Win32.ActiveCfg = proxytest-only-local-debug|Win32
		{1DE75B05-314A-4E97-B281-5D1075F7CF2D}.Release|Any CPU.ActiveCfg = Release|Win32
		{1DE75B05-314A-4E97-B281-5D1075F7CF2D}.Release|Mixed Platforms.ActiveCfg = Release|Win32
		{1DE75B05-314A-4E97-B281-5D1075F7CF2D}.Release|Mixed Platforms.Build.0 = Release|Win32
		{1DE75B05-314A-4E97-B281-5D1075F7CF2D}.Release|Win32.ActiveCfg = Release|Win32
		{1DE75B05-314A-4E97-B281-5D1075F7CF2D}.Release|Win32.Build.0 = Release|Win32
		{1DE75B05-314A-4E97-B281-5D1075F7CF2D}.VTune|Any CPU.ActiveCfg = proxytest-only-local-debug|Win32
		{1DE75B05-314A-4E97-B281-5D1075F7CF2D}.VTune|Mixed Platforms.ActiveCfg = proxytest-only-local-debug|Win32
		{1DE75B05-314A-4E97-B281-5D1075F7CF2D}.VTune|Mixed Platforms.Build.0 = proxytest-only-local-debug|Win32
		{1DE75B05-314A-4E97-B281-5D1075F7CF2D}.VTune|Win32.ActiveCfg = Release|Win32
		{1DE75B05-314A-4E97-B281-5D1075F7CF2D}.VTune|Win32.Build.0 = Release|Win32
		{6408FBC7-C4FB-45FB-8276-25093DD9BD0E}.Debug|Any CPU.ActiveCfg = Debug|Win32
		{6408FBC7-C4FB-45FB-8276-25093DD9BD0E}.Debug|Mixed Platforms.ActiveCfg = Debug|Win32
		{6408FBC7-C4FB-45FB-8276-25093DD9BD0E}.Debug|Mixed Platforms.Build.0 = Debug|Win32
		{6408FBC7-C4FB-45FB-8276-25093DD9BD0E}.Debug|Win32.ActiveCfg = Debug|Win32
		{6408FBC7-C4FB-45FB-8276-25093DD9BD0E}.Debug|Win32.Build.0 = Debug|Win32
		{6408FBC7-C4FB-45FB-8276-25093DD9BD0E}.Mit Xerces 2.0.0|Any CPU.ActiveCfg = proxytest-only-local-debug|Win32
		{6408FBC7-C4FB-45FB-8276-25093DD9BD0E}.Mit Xerces 2.0.0|Mixed Platforms.ActiveCfg = proxytest-only-local-debug|Win32
		{6408FBC7-C4FB-45FB-8276-25093DD9BD0E}.Mit Xerces 2.0.0|Mixed Platforms.Build.0 = proxytest-only-local-debug|Win32
		{6408FBC7-C4FB-45FB-8276-25093DD9BD0E}.Mit Xerces 2.0.0|Win32.ActiveCfg = Release|Win32
		{6408FBC7-C4FB-45FB-8276-25093DD9BD0E}.Mit Xerces 2.0.0|Win32.Build.0 = Release|Win32
		{6408FBC7-C4FB-45FB-8276-25093DD9BD0E}.Mit Xerces 2.3 dev|Any CPU.ActiveCfg = proxytest-only-local-debug|Win32
		{6408FBC7-C4FB-45FB-8276-25093DD9BD0E}.Mit Xerces 2.3 dev|Mixed Platforms.ActiveCfg = proxytest-only-local-debug|Win32
		{6408FBC7-C4FB-45FB-8276-25093DD9BD0E}.Mit Xerces 2.3 dev|Mixed Platforms.Build.0 = proxytest-only-local-debug|Win32
		{6408FBC7-C4FB-45FB-8276-25093DD9BD0E}.Mit Xerces 2.3 dev|Win32.ActiveCfg = Release|Win32
		{6408FBC7-C4FB-45FB-8276-25093DD9BD0E}.Mit Xerces 2.3 dev|Win32.Build.0 = Release|Win32
		{6408FBC7-C4FB-45FB-8276-25093DD9BD0E}.proxytest-only-local-debug|Any CPU.ActiveCfg = proxytest-only-local-debug|Win32
		{6408FBC7-C4FB-45FB-8276-25093DD9BD0E}.proxytest-only-local-debug|Mixed Platforms.ActiveCfg = proxytest-only-local-debug|Win32
		{6408FBC7-C4FB-45FB-8276-25093DD9BD0E}.proxytest-only-local-debug|Mixed Platforms.Build.0 = proxytest-only-local-debug|Win32
		{6408FBC7-C4FB-45FB-8276-25093DD9BD0E}.proxytest-only-local-debug|Win32.ActiveCfg = proxytest-only-local-debug|Win32
		{6408FBC7-C4FB-45FB-8276-25093DD9BD0E}.Release|Any CPU.ActiveCfg = Release|Win32
		{6408FBC7-C4FB-45FB-8276-25093DD9BD0E}.Release|Mixed Platforms.ActiveCfg = Release|Win32
		{6408FBC7-C4FB-45FB-8276-25093DD9BD0E}.Release|Mixed Platforms.Build.0 = Release|Win32
		{6408FBC7-C4FB-45FB-8276-25093DD9BD0E}.Release|Win32.ActiveCfg = Release|Win32
		{6408FBC7-C4FB-45FB-8276-25093DD9BD0E}.Release|Win32.Build.0 = Release|Win32
		{6408FBC7-C4FB-45FB-8276-25093DD9BD0E}.VTune|Any CPU.ActiveCfg = proxytest-only-local-debug|Win32
		{6408FBC7-C4FB-45FB-8276-25093DD9BD0E}.VTune|Mixed Platforms.ActiveCfg = proxytest-only-local-debug|Win32
		{6408FBC7-C4FB-45FB-8276-25093DD9BD0E}.VTune|Mixed Platforms.Build.0 = proxytest-only-local-debug|Win32
		{6408FBC7-C4FB-45FB-8276-25093DD9BD0E}.VTune|Win32.ActiveCfg = Release|Win32
		{6408FBC7-C4FB-45FB-8276-25093DD9BD0E}.VTune|Win32.Build.0 = Release|Win32
		{17916053-4B43-46CF-ABB3-709AE4E3DA78}.Debug|Any CPU.ActiveCfg = Debug|Win32
		{17916053-4B43-46CF-ABB3-709AE4E3DA78}.Debug|Mixed Platforms.ActiveCfg = Debug|Win32
		{17916053-4B43-46CF-ABB3-709AE4E3DA78}.Debug|Mixed Platforms.Build.0 = Debug|Win32
		{17916053-4B43-46CF-ABB3-709AE4E3DA78}.Debug|Win32.ActiveCfg = Debug|Win32
		{17916053-4B43-46CF-ABB3-709AE4E3DA78}.Debug|Win32.Build.0 = Debug|Win32
		{17916053-4B43-46CF-ABB3-709AE4E3DA78}.Mit Xerces 2.0.0|Any CPU.ActiveCfg = proxytest-only-local-debug|Win32
		{17916053-4B43-46CF-ABB3-709AE4E3DA78}.Mit Xerces 2.0.0|Mixed Platforms.ActiveCfg = proxytest-only-local-debug|Win32
		{17916053-4B43-46CF-ABB3-709AE4E3DA78}.Mit Xerces 2.0.0|Mixed Platforms.Build.0 = proxytest-only-local-debug|Win32
		{17916053-4B43-46CF-ABB3-709AE4E3DA78}.Mit Xerces 2.0.0|Win32.ActiveCfg = Release|Win32
		{17916053-4B43-46CF-ABB3-709AE4E3DA78}.Mit Xerces 2.0.0|Win32.Build.0 = Release|Win32
		{17916053-4B43-46CF-ABB3-709AE4E3DA78}.Mit Xerces 2.3 dev|Any CPU.ActiveCfg = proxytest-only-local-debug|Win32
		{17916053-4B43-46CF-ABB3-709AE4E3DA78}.Mit Xerces 2.3 dev|Mixed Platforms.ActiveCfg = proxytest-only-local-debug|Win32
		{17916053-4B43-46CF-ABB3-709AE4E3DA78}.Mit Xerces 2.3 dev|Mixed Platforms.Build.0 = proxytest-only-local-debug|Win32
		{17916053-4B43-46CF-ABB3-709AE4E3DA78}.Mit Xerces 2.3 dev|Win32.ActiveCfg = Release|Win32
		{17916053-4B43-46CF-ABB3-709AE4E3DA78}.Mit Xerces 2.3 dev|Win32.Build.0 = Release|Win32
		{17916053-4B43-46CF-ABB3-709AE4E3DA78}.proxytest-only-local-debug|Any CPU.ActiveCfg = proxytest-only-local-debug|Win32
		{17916053-4B43-46CF-ABB3-709AE4E3DA78}.proxytest-only-local-debug|Mixed Platforms.ActiveCfg = proxytest-only-local-debug|Win32
		{17916053-4B43-46CF-ABB3-709AE4E3DA78}.proxytest-only-local-debug|Mixed Platforms.Build.0 = proxytest-only-local-debug|Win32
		{17916053-4B43-46CF-ABB3-709AE4E3DA78}.proxytest-only-local-debug|Win32.ActiveCfg = proxytest-only-local-debug|Win32
		{17916053-4B43-46CF-ABB3-709AE4E3DA78}.Release|Any CPU.ActiveCfg = Release|Win32
		{17916053-4B43-46CF-ABB3-709AE4E3DA78}.Release|Mixed Platforms.ActiveCfg = Release|Win32
		{17916053-4B43-46CF-ABB3-709AE4E3DA78}.Release|Mixed Platforms.Build.0 = Release|Win32
		{17916053-4B43-46CF-ABB3-709AE4E3DA78}.Release|Win32.ActiveCfg = Release|Win32
		{17916053-4B43-46CF-ABB3-709AE4E3DA78}.Release|Win32.Build.0 = Release|Win32
		{17916053-4B43-46CF-ABB3-709AE4E3DA78}.VTune|Any CPU.ActiveCfg = proxytest-only-local-debug|Win32
		{17916053-4B43-46CF-ABB3-709AE4E3DA78}.VTune|Mixed Platforms.ActiveCfg = proxytest-only-local-debug|Win32
		{17916053-4B43-46CF-ABB3-709AE4E3DA78}.VTune|Mixed Platforms.Build.0 = proxytest-only-local-debug|Win32
		{17916053-4B43-46CF-ABB3-709AE4E3DA78}.VTune|Win32.ActiveCfg = Release|Win32
		{17916053-4B43-46CF-ABB3-709AE4E3DA78}.VTune|Win32.Build.0 = Release|Win32
		{C639FF43-A8F6-4957-8BB3-AA5692E8AC9F}.Debug|Any CPU.ActiveCfg = Debug|Win32
		{C639FF43-A8F6-4957-8BB3-AA5692E8AC9F}.Debug|Mixed Platforms.ActiveCfg = Debug|Win32
		{C639FF43-A8F6-4957-8BB3-AA5692E8AC9F}.Debug|Mixed Platforms.Build.0 = Debug|Win32
		{C639FF43-A8F6-4957-8BB3-AA5692E8AC9F}.Debug|Win32.ActiveCfg = Debug|Win32
		{C639FF43-A8F6-4957-8BB3-AA5692E8AC9F}.Mit Xerces 2.0.0|Any CPU.ActiveCfg = proxytest-only-local-debug|Win32
		{C639FF43-A8F6-4957-8BB3-AA5692E8AC9F}.Mit Xerces 2.0.0|Mixed Platforms.ActiveCfg = proxytest-only-local-debug|Win32
		{C639FF43-A8F6-4957-8BB3-AA5692E8AC9F}.Mit Xerces 2.0.0|Mixed Platforms.Build.0 = proxytest-only-local-debug|Win32
		{C639FF43-A8F6-4957-8BB3-AA5692E8AC9F}.Mit Xerces 2.0.0|Win32.ActiveCfg = Release|Win32
		{C639FF43-A8F6-4957-8BB3-AA5692E8AC9F}.Mit Xerces 2.3 dev|Any CPU.ActiveCfg = proxytest-only-local-debug|Win32
		{C639FF43-A8F6-4957-8BB3-AA5692E8AC9F}.Mit Xerces 2.3 dev|Mixed Platforms.ActiveCfg = proxytest-only-local-debug|Win32
		{C639FF43-A8F6-4957-8BB3-AA5692E8AC9F}.Mit Xerces 2.3 dev|Mixed Platforms.Build.0 = proxytest-only-local-debug|Win32
		{C639FF43-A8F6-4957-8BB3-AA5692E8AC9F}.Mit Xerces 2.3 dev|Win32.ActiveCfg = Release|Win32
		{C639FF43-A8F6-4957-8BB3-AA5692E8AC9F}.proxytest-only-local-debug|Any CPU.ActiveCfg = proxytest-only-local-debug|Win32
		{C639FF43-A8F6-4957-8BB3-AA5692E8AC9F}.proxytest-only-local-debug|Mixed Platforms.ActiveCfg = proxytest-only-local-debug|Win32
		{C639FF43-A8F6-4957-8BB3-AA5692E8AC9F}.proxytest-only-local-debug|Mixed Platforms.Build.0 = proxytest-only-local-debug|Win32
		{C639FF43-A8F6-4957-8BB3-AA5692E8AC9F}.proxytest-only-local-debug|Win32.ActiveCfg = proxytest-only-local-debug|Win32
		{C639FF43-A8F6-4957-8BB3-AA5692E8AC9F}.Release|Any CPU.ActiveCfg = Release|Win32
		{C639FF43-A8F6-4957-8BB3-AA5692E8AC9F}.Release|Mixed Platforms.ActiveCfg = Release|Win32
		{C639FF43-A8F6-4957-8BB3-AA5692E8AC9F}.Release|Mixed Platforms.Build.0 = Release|Win32
		{C639FF43-A8F6-4957-8BB3-AA5692E8AC9F}.Release|Win32.ActiveCfg = Release|Win32
		{C639FF43-A8F6-4957-8BB3-AA5692E8AC9F}.VTune|Any CPU.ActiveCfg = proxytest-only-local-debug|Win32
		{C639FF43-A8F6-4957-8BB3-AA5692E8AC9F}.VTune|Mixed Platforms.ActiveCfg = proxytest-only-local-debug|Win32
		{C639FF43-A8F6-4957-8BB3-AA5692E8AC9F}.VTune|Mixed Platforms.Build.0 = proxytest-only-local-debug|Win32
		{C639FF43-A8F6-4957-8BB3-AA5692E8AC9F}.VTune|Win32.ActiveCfg = Release|Win32
		{9DB252A3-2EE3-440F-AC14-E961994FCE7A}.Debug|Any CPU.ActiveCfg = Debug|Win32
		{9DB252A3-2EE3-440F-AC14-E961994FCE7A}.Debug|Mixed Platforms.ActiveCfg = Debug|Win32
		{9DB252A3-2EE3-440F-AC14-E961994FCE7A}.Debug|Mixed Platforms.Build.0 = Debug|Win32
		{9DB252A3-2EE3-440F-AC14-E961994FCE7A}.Debug|Win32.ActiveCfg = Debug|Win32
		{9DB252A3-2EE3-440F-AC14-E961994FCE7A}.Mit Xerces 2.0.0|Any CPU.ActiveCfg = proxytest-only-local-debug|Win32
		{9DB252A3-2EE3-440F-AC14-E961994FCE7A}.Mit Xerces 2.0.0|Mixed Platforms.ActiveCfg = proxytest-only-local-debug|Win32
		{9DB252A3-2EE3-440F-AC14-E961994FCE7A}.Mit Xerces 2.0.0|Mixed Platforms.Build.0 = proxytest-only-local-debug|Win32
		{9DB252A3-2EE3-440F-AC14-E961994FCE7A}.Mit Xerces 2.0.0|Win32.ActiveCfg = Release|Win32
		{9DB252A3-2EE3-440F-AC14-E961994FCE7A}.Mit Xerces 2.3 dev|Any CPU.ActiveCfg = proxytest-only-local-debug|Win32
		{9DB252A3-2EE3-440F-AC14-E961994FCE7A}.Mit Xerces 2.3 dev|Mixed Platforms.ActiveCfg = proxytest-only-local-debug|Win32
		{9DB252A3-2EE3-440F-AC14-E961994FCE7A}.Mit Xerces 2.3 dev|Mixed Platforms.Build.0 = proxytest-only-local-debug|Win32
		{9DB252A3-2EE3-440F-AC14-E961994FCE7A}.Mit Xerces 2.3 dev|Win32.ActiveCfg = Release|Win32
		{9DB252A3-2EE3-440F-AC14-E961994FCE7A}.proxytest-only-local-debug|Any CPU.ActiveCfg = proxytest-only-local-debug|Win32
		{9DB252A3-2EE3-440F-AC14-E961994FCE7A}.proxytest-only-local-debug|Mixed Platforms.ActiveCfg = proxytest-only-local-debug|Win32
		{9DB252A3-2EE3-440F-AC14-E961994FCE7A}.proxytest-only-local-debug|Mixed Platforms.Build.0 = proxytest-only-local-debug|Win32
		{9DB252A3-2EE3-440F-AC14-E961994FCE7A}.proxytest-only-local-debug|Win32.ActiveCfg = proxytest-only-local-debug|Win32
		{9DB252A3-2EE3-440F-AC14-E961994FCE7A}.Release|Any CPU.ActiveCfg = Release|Win32
		{9DB252A3-2EE3-440F-AC14-E961994FCE7A}.Release|Mixed Platforms.ActiveCfg = Release|Win32
		{9DB252A3-2EE3-440F-AC14-E961994FCE7A}.Release|Mixed Platforms.Build.0 = Release|Win32
		{9DB252A3-2EE3-440F-AC14-E961994FCE7A}.Release|Win32.ActiveCfg = Release|Win32
		{9DB252A3-2EE3-440F-AC14-E961994FCE7A}.VTune|Any CPU.ActiveCfg = proxytest-only-local-debug|Win32
		{9DB252A3-2EE3-440F-AC14-E961994FCE7A}.VTune|Mixed Platforms.ActiveCfg = proxytest-only-local-debug|Win32
		{9DB252A3-2EE3-440F-AC14-E961994FCE7A}.VTune|Mixed Platforms.Build.0 = proxytest-only-local-debug|Win32
		{9DB252A3-2EE3-440F-AC14-E961994FCE7A}.VTune|Win32.ActiveCfg = Release|Win32
	EndGlobalSection
	GlobalSection(SolutionProperties) = preSolution
		HideSolutionNode = FALSE
	EndGlobalSection
	GlobalSection(TestCaseManagementSettings) = postSolution
		CategoryFile = proxytest.vsmdi
	EndGlobalSection
EndGlobal
